// !$*UTF8*$!
{
	archiveVersion = 1;
	classes = {
	};
	objectVersion = 55;
	objects = {

/* Begin PBXBuildFile section */
		016FA4B035EE169CC8DE6AE6 /* AnalyticsFuelView.swift in Sources */ = {isa = PBXBuildFile; fileRef = 737ACF2389BFC6445D102964 /* AnalyticsFuelView.swift */; };
		039099A405C725AC9FCD4391 /* ClearListBackgroundModifier.swift in Sources */ = {isa = PBXBuildFile; fileRef = ED303C90A28F8EC5F2C562E4 /* ClearListBackgroundModifier.swift */; };
		0489E3A9A2B3CE8978199F6A /* CustomList.swift in Sources */ = {isa = PBXBuildFile; fileRef = 223E249DBFEBBD391DBFB4B8 /* CustomList.swift */; };
		049CF32D2C7F29ED415CCE2C /* OldTabBarView.swift in Sources */ = {isa = PBXBuildFile; fileRef = 859E7100E1B10145499D148D /* OldTabBarView.swift */; };
		05167D7F13B3713ACD606D24 /* VehicleView.swift in Sources */ = {isa = PBXBuildFile; fileRef = EBE24EACF21FB30F960955C3 /* VehicleView.swift */; };
		05DA08D600CA81B28D19C0E0 /* Pages.swift in Sources */ = {isa = PBXBuildFile; fileRef = ECAA5AD574F240791D075CE5 /* Pages.swift */; };
		07023A5228F029092EBB75C2 /* ListRowSeparatorModifier.swift in Sources */ = {isa = PBXBuildFile; fileRef = D6EE162DD30870EF61DD2A51 /* ListRowSeparatorModifier.swift */; };
		0AF4BDAC153BE07FBDD68CB6 /* LastEventsView.swift in Sources */ = {isa = PBXBuildFile; fileRef = 6574CAC828FBB2164085AA5C /* LastEventsView.swift */; };
		0B0FB3913DDECEEBA2DAAF7D /* AddReminderViewModel.swift in Sources */ = {isa = PBXBuildFile; fileRef = 351C9243A3D7C8A43432B8EA /* AddReminderViewModel.swift */; };
		130D27E6426BF7E94621FE63 /* HomeStyleView.swift in Sources */ = {isa = PBXBuildFile; fileRef = 886366246717F9D7547FE6D5 /* HomeStyleView.swift */; };
		1FD6C115EA3C25E983D69B88 /* Document+CoreDataClass.swift in Sources */ = {isa = PBXBuildFile; fileRef = D3C28F54DCAD4B24F3FC5D83 /* Document+CoreDataClass.swift */; };
		1FE796BECDDA4D30B00DE81A /* PDFKitView.swift in Sources */ = {isa = PBXBuildFile; fileRef = 277C220E56D01A885E796A35 /* PDFKitView.swift */; };
		29CD3300A0EE0764548B2BBB /* SwipeBackGestureExt.swift in Sources */ = {isa = PBXBuildFile; fileRef = F3F20DE4EE7DF737DBB2386B /* SwipeBackGestureExt.swift */; };
		2C5C446D28D6614AB05F8BFF /* ReminderView.swift in Sources */ = {isa = PBXBuildFile; fileRef = D3A09E647879CDE4F26354A6 /* ReminderView.swift */; };
		2F8C96E5251C88E929C012CA /* Vehicle+CoreDataClass.swift in Sources */ = {isa = PBXBuildFile; fileRef = 24C1AD4595B4E6C35146520B /* Vehicle+CoreDataClass.swift */; };
		30F8C7DA230354C11E735248 /* EditReminderView.swift in Sources */ = {isa = PBXBuildFile; fileRef = 4A953F8A8ACE2D38197487E3 /* EditReminderView.swift */; };
		32FC88FFC8CE586D74C13CE2 /* ColorHexExt.swift in Sources */ = {isa = PBXBuildFile; fileRef = F78366CBBBCD7E61BC633FDC /* ColorHexExt.swift */; };
		38A29BF07523EBD98577B74B /* DeleteButton.swift in Sources */ = {isa = PBXBuildFile; fileRef = 3A995FDA6B027961200142C5 /* DeleteButton.swift */; };
		3B5071DAEF331E54B7C46DE6 /* ImportantNumbersView.swift in Sources */ = {isa = PBXBuildFile; fileRef = 23B46FC434582D5646F7363D /* ImportantNumbersView.swift */; };
		3DF30A2FC77F748DE0FA6E1A /* Reminder+CoreDataClass.swift in Sources */ = {isa = PBXBuildFile; fileRef = CACD27427F0292D8BDE200BB /* Reminder+CoreDataClass.swift */; };
		451F1132536DAF40FB1650FD /* AnalyticsOdometerView.swift in Sources */ = {isa = PBXBuildFile; fileRef = 1BA070C6F7446DEA85ABDD91 /* AnalyticsOdometerView.swift */; };
		48C4395ABFC3D9CDA7AEB7C8 /* CategoryViewModel.swift in Sources */ = {isa = PBXBuildFile; fileRef = DE89E2326497F4F2F3DC7AC5 /* CategoryViewModel.swift */; };
		4A0E5E9464D035480D0320C8 /* HurricaneApp.swift in Sources */ = {isa = PBXBuildFile; fileRef = 24915FFAB50DBEAC8FE3211F /* HurricaneApp.swift */; };
		4E80443A45ACA9D2F950D1DA /* TopBarView.swift in Sources */ = {isa = PBXBuildFile; fileRef = 07F0CB7E1A22BCE839DE3F4E /* TopBarView.swift */; };
		4EE5915F6720150E8FD0AD24 /* LastEventsListView.swift in Sources */ = {isa = PBXBuildFile; fileRef = 215AB4D1886BF03FEFAEDA4E /* LastEventsListView.swift */; };
		5317F03651B9FB99EFA812C0 /* ReminderListView.swift in Sources */ = {isa = PBXBuildFile; fileRef = 24754C85C3159477A0FC8B01 /* ReminderListView.swift */; };
		533F3661678D8E17BFAD5AE5 /* Vehicle+CoreDataProperties.swift in Sources */ = {isa = PBXBuildFile; fileRef = F6322CA0ADD8E40AACC71761 /* Vehicle+CoreDataProperties.swift */; };
		54C909F6742CEFD192DBF008 /* Typography.swift in Sources */ = {isa = PBXBuildFile; fileRef = 45619F57272F6A13BD1EED6A /* Typography.swift */; };
		54F580C19F9AE6C52F9CBA5F /* AnalyticsOverviewView.swift in Sources */ = {isa = PBXBuildFile; fileRef = 59FD2CA576F169DAF08351AB /* AnalyticsOverviewView.swift */; };
		595682AF40242D946770CCFD /* CoreDataManager.swift in Sources */ = {isa = PBXBuildFile; fileRef = 931770E334A8DB1DF2C3AE5B /* CoreDataManager.swift */; };
		5EF189AAD8CD8AFDCD908007 /* Graph.swift in Sources */ = {isa = PBXBuildFile; fileRef = 2E4870F3DFFFE227B1C75400 /* Graph.swift */; };
		6191CB61F8EF2DC51AEADEA1 /* NotificationManager.swift in Sources */ = {isa = PBXBuildFile; fileRef = A65D8A93366B5D008AB64A5B /* NotificationManager.swift */; };
		6BD7AE4409784BDBC93EEFA3 /* ReminderModel.swift in Sources */ = {isa = PBXBuildFile; fileRef = E02186FE1AB664A1BA47B9F6 /* ReminderModel.swift */; };
		6BEB0AC729C28346288C4C41 /* ExpenseModel.swift in Sources */ = {isa = PBXBuildFile; fileRef = 9EE7B5F8661B6024EE351781 /* ExpenseModel.swift */; };
		6C36080045AD7E9AAE733444 /* AlertsOnBoarding.swift in Sources */ = {isa = PBXBuildFile; fileRef = B6A1A9E17E797283BE977654 /* AlertsOnBoarding.swift */; };
		6D37EEE41D8584B0F3FFC227 /* CustomTabBarView.swift in Sources */ = {isa = PBXBuildFile; fileRef = D3ACFADE1005DFD4B85B82F4 /* CustomTabBarView.swift */; };
		71FED6E31C4816183EB4B1AA /* Document+CoreDataProperties.swift in Sources */ = {isa = PBXBuildFile; fileRef = 60A163C57B22665D147035CD /* Document+CoreDataProperties.swift */; };
		75F484BCB7708DF981359372 /* ExpenseListView.swift in Sources */ = {isa = PBXBuildFile; fileRef = 31682088ECEA729CA9C72E02 /* ExpenseListView.swift */; };
		7EB65C296FCE097EB27D8651 /* OdometerListView.swift in Sources */ = {isa = PBXBuildFile; fileRef = EE3A2936809DB08E9D36A45E /* OdometerListView.swift */; };
		83B26E80EB6E13F6B10D59A3 /* AllDocumentsView.swift in Sources */ = {isa = PBXBuildFile; fileRef = C53AE3FECDB4BD5D6ED401D6 /* AllDocumentsView.swift */; };
		857E4C1FD041EB1113552E79 /* AlertAddNumbers.swift in Sources */ = {isa = PBXBuildFile; fileRef = 4F5C89004AC841316A0F39F5 /* AlertAddNumbers.swift */; };
		8656A6F4CA5C09FCFB151423 /* Number+CoreDataClass.swift in Sources */ = {isa = PBXBuildFile; fileRef = 8CE0F98C11AA938A6E665DB6 /* Number+CoreDataClass.swift */; };
		868CE66853D0A1674FD3AB31 /* VehicleModel.swift in Sources */ = {isa = PBXBuildFile; fileRef = 108A720E09348923BDBE1F01 /* VehicleModel.swift */; };
		88668B826557E7A729DA812E /* SettingsView.swift in Sources */ = {isa = PBXBuildFile; fileRef = 652D14900CBF462F54509291 /* SettingsView.swift */; };
		8A44244D53A3B18E0A35D221 /* GifView.swift in Sources */ = {isa = PBXBuildFile; fileRef = 8AD06A7D1B161B42F2236A91 /* GifView.swift */; };
		8B16152F7C0A56465950438E /* ButtonStyle.swift in Sources */ = {isa = PBXBuildFile; fileRef = D40DD6B22DA92997C935EFCF /* ButtonStyle.swift */; };
		8BCBE2579936919714F5E6C6 /* PdfViewModel.swift in Sources */ = {isa = PBXBuildFile; fileRef = 7FE74F46E9166EC09466DB36 /* PdfViewModel.swift */; };
		9079F96A7FFA247BB453F00F /* HomeViewModel.swift in Sources */ = {isa = PBXBuildFile; fileRef = F70BB6D45585F048368F70FA /* HomeViewModel.swift */; };
		91E02EC41349ED8C00D4072A /* ThemePickerView.swift in Sources */ = {isa = PBXBuildFile; fileRef = DD216F2ADC00737EE1065F6A /* ThemePickerView.swift */; };
		92249BE906CB71B6E040F9E0 /* Expense+CoreDataClass.swift in Sources */ = {isa = PBXBuildFile; fileRef = 790BCF8B6E055D131C06DCE0 /* Expense+CoreDataClass.swift */; };
		925C618C76D152853D111B48 /* FuelViewModel.swift in Sources */ = {isa = PBXBuildFile; fileRef = B04E4AB3444E633E4CAFC4CD /* FuelViewModel.swift */; };
		99C753BF7A9EAB038AC0954C /* NumberModel.swift in Sources */ = {isa = PBXBuildFile; fileRef = 87698E72F94AA507CBE3C956 /* NumberModel.swift */; };
		99F6F3D8AECC7FCF6FACDC13 /* AddReportView.swift in Sources */ = {isa = PBXBuildFile; fileRef = 3F59E23AF8FE0C36ABF075C6 /* AddReportView.swift */; };
		AB42B5DF03543D2759108140 /* HeaderContentView.swift in Sources */ = {isa = PBXBuildFile; fileRef = 67DFF8449B1BED05C481EF7F /* HeaderContentView.swift */; };
		ABB21BDED24682B4EB1442CD /* AnalyticsCostView.swift in Sources */ = {isa = PBXBuildFile; fileRef = F3E0812D09D2BBA71C44EA83 /* AnalyticsCostView.swift */; };
		B0CE4D5C7316DCAACA4A0DA7 /* TabAppearance.swift in Sources */ = {isa = PBXBuildFile; fileRef = B29327011C5A5B32D4AB918D /* TabAppearance.swift */; };
		B100CD18F0A3DF12B797AC04 /* Palette.swift in Sources */ = {isa = PBXBuildFile; fileRef = 120CE06B7DBC6D76C422A250 /* Palette.swift */; };
		B4C6EFA2777971B60136E6D0 /* OnboardingView.swift in Sources */ = {isa = PBXBuildFile; fileRef = 2E9264C608128A2059510136 /* OnboardingView.swift */; };
		B9C74FACE439A8E46988D9FA /* CategoryRow.swift in Sources */ = {isa = PBXBuildFile; fileRef = 934A0E50AC264FDA8E9FB87A /* CategoryRow.swift */; };
		BCC90F988D482F0D1DE0E6E7 /* AboutView.swift in Sources */ = {isa = PBXBuildFile; fileRef = BDE38B15114E886382F9A246 /* AboutView.swift */; };
		C9C701D621824C31E46FF629 /* EditNumbers.swift in Sources */ = {isa = PBXBuildFile; fileRef = BD3163C5CE5D9CF2B7F7162C /* EditNumbers.swift */; };
		CBF9AFF77DB793749BDA5BFD /* WorkInProgressView.swift in Sources */ = {isa = PBXBuildFile; fileRef = 9516BC3F1E49E2E3FFB32958 /* WorkInProgressView.swift */; };
		CC55C0D38049B2AEFB60A031 /* ExpiredReminder.swift in Sources */ = {isa = PBXBuildFile; fileRef = D26014F2FD0E034E78816DAF /* ExpiredReminder.swift */; };
		CE4821133D77F718CF862C77 /* OnboardingViewModel.swift in Sources */ = {isa = PBXBuildFile; fileRef = 520061BE04FA0CA208946AA6 /* OnboardingViewModel.swift */; };
		CF966DA2993159B9523B80CA /* AddExpenseViewModel.swift in Sources */ = {isa = PBXBuildFile; fileRef = DAD60D05B068C2B3DAC953CF /* AddExpenseViewModel.swift */; };
		D01B3A32CA4E2F90F64E1065 /* DocumentView.swift in Sources */ = {isa = PBXBuildFile; fileRef = 99682942BA7532DCB5178B96 /* DocumentView.swift */; };
		D7ECF8006A86A215A29946A8 /* Expense+CoreDataProperties.swift in Sources */ = {isa = PBXBuildFile; fileRef = E4C7BB3D02E746F74EF87C4E /* Expense+CoreDataProperties.swift */; };
		D8090FCED096004DCDD71EE4 /* Reminder+CoreDataProperties.swift in Sources */ = {isa = PBXBuildFile; fileRef = F9F63D276E1A25955A22550E /* Reminder+CoreDataProperties.swift */; };
		DB1ACB9B78014B59A4755D22 /* DataViewModel.swift in Sources */ = {isa = PBXBuildFile; fileRef = 5A87C91CB6BF5EA04F801A1C /* DataViewModel.swift */; };
		E168943366DAC4B5EE8E4D14 /* BottomContentView.swift in Sources */ = {isa = PBXBuildFile; fileRef = A152FD65D1E7C5CEBBC7876A /* BottomContentView.swift */; };
		E2DD8D314DA8F595CC178F39 /* HTML View.swift in Sources */ = {isa = PBXBuildFile; fileRef = 755338E7E367457A36A4545C /* HTML View.swift */; };
		E582CF98EFE56C083FEC91DC /* EditEventView.swift in Sources */ = {isa = PBXBuildFile; fileRef = B1C62C7757D448DF9BD81F89 /* EditEventView.swift */; };
		E8AC100BD73CA107B0FA1265 /* Number+CoreDataProperties.swift in Sources */ = {isa = PBXBuildFile; fileRef = B78A9C5D1AE4F166C45C52CB /* Number+CoreDataProperties.swift */; };
		EBDC048EC990E45A33C95835 /* EditVehicleView.swift in Sources */ = {isa = PBXBuildFile; fileRef = 55284CD5A1363B03CE93831D /* EditVehicleView.swift */; };
		EF517D469F36790C1C9DA302 /* StatisticsViewModel.swift in Sources */ = {isa = PBXBuildFile; fileRef = F5157B581ACAA57D811BCF4F /* StatisticsViewModel.swift */; };
		F2C871C969AC0F2C94FC83EE /* UtilityViewModel.swift in Sources */ = {isa = PBXBuildFile; fileRef = F49423AAA14B220E0211798B /* UtilityViewModel.swift */; };
		F848AA6527BE46C9C76D3EE8 /* DocumentModel.swift in Sources */ = {isa = PBXBuildFile; fileRef = 4C82D36F5B94C4B8909D0C9D /* DocumentModel.swift */; };
		FF2B72E5CC21467FD2B6BECE /* TabData.swift in Sources */ = {isa = PBXBuildFile; fileRef = 794D90EFBAD481F8EC79E545 /* TabData.swift */; };
/* End PBXBuildFile section */

/* Begin PBXCopyFilesBuildPhase section */
		1D5846FA1765333D1522D3B0 /* Embed Frameworks */ = {
			isa = PBXCopyFilesBuildPhase;
			buildActionMask = 2147483647;
			dstPath = "";
			dstSubfolderSpec = 10;
			files = (
			);
			name = "Embed Frameworks";
			runOnlyForDeploymentPostprocessing = 0;
		};
/* End PBXCopyFilesBuildPhase section */

/* Begin PBXFileReference section */
		07F0CB7E1A22BCE839DE3F4E /* TopBarView.swift */ = {isa = PBXFileReference; lastKnownFileType = sourcecode.swift; path = TopBarView.swift; sourceTree = "<group>"; };
		108A720E09348923BDBE1F01 /* VehicleModel.swift */ = {isa = PBXFileReference; lastKnownFileType = sourcecode.swift; path = VehicleModel.swift; sourceTree = "<group>"; };
		120CE06B7DBC6D76C422A250 /* Palette.swift */ = {isa = PBXFileReference; lastKnownFileType = sourcecode.swift; path = Palette.swift; sourceTree = "<group>"; };
		1BA070C6F7446DEA85ABDD91 /* AnalyticsOdometerView.swift */ = {isa = PBXFileReference; lastKnownFileType = sourcecode.swift; path = AnalyticsOdometerView.swift; sourceTree = "<group>"; };
		215AB4D1886BF03FEFAEDA4E /* LastEventsListView.swift */ = {isa = PBXFileReference; lastKnownFileType = sourcecode.swift; path = LastEventsListView.swift; sourceTree = "<group>"; };
		223E249DBFEBBD391DBFB4B8 /* CustomList.swift */ = {isa = PBXFileReference; lastKnownFileType = sourcecode.swift; path = CustomList.swift; sourceTree = "<group>"; };
		23B46FC434582D5646F7363D /* ImportantNumbersView.swift */ = {isa = PBXFileReference; lastKnownFileType = sourcecode.swift; path = ImportantNumbersView.swift; sourceTree = "<group>"; };
		24754C85C3159477A0FC8B01 /* ReminderListView.swift */ = {isa = PBXFileReference; lastKnownFileType = sourcecode.swift; path = ReminderListView.swift; sourceTree = "<group>"; };
		24915FFAB50DBEAC8FE3211F /* HurricaneApp.swift */ = {isa = PBXFileReference; lastKnownFileType = sourcecode.swift; path = HurricaneApp.swift; sourceTree = "<group>"; };
		24C1AD4595B4E6C35146520B /* Vehicle+CoreDataClass.swift */ = {isa = PBXFileReference; lastKnownFileType = sourcecode.swift; path = "Vehicle+CoreDataClass.swift"; sourceTree = "<group>"; };
		26632611DDFF2646F8747F07 /* Debug.xcconfig */ = {isa = PBXFileReference; lastKnownFileType = text.xcconfig; path = Debug.xcconfig; sourceTree = "<group>"; };
		277C220E56D01A885E796A35 /* PDFKitView.swift */ = {isa = PBXFileReference; lastKnownFileType = sourcecode.swift; path = PDFKitView.swift; sourceTree = "<group>"; };
		2E35FC43D306CB3EEAA5BCC5 /* Pitstop-APP-Info.plist */ = {isa = PBXFileReference; lastKnownFileType = text.plist; path = "Pitstop-APP-Info.plist"; sourceTree = "<group>"; };
		2E4870F3DFFFE227B1C75400 /* Graph.swift */ = {isa = PBXFileReference; lastKnownFileType = sourcecode.swift; path = Graph.swift; sourceTree = "<group>"; };
		2E9264C608128A2059510136 /* OnboardingView.swift */ = {isa = PBXFileReference; lastKnownFileType = sourcecode.swift; path = OnboardingView.swift; sourceTree = "<group>"; };
		31682088ECEA729CA9C72E02 /* ExpenseListView.swift */ = {isa = PBXFileReference; lastKnownFileType = sourcecode.swift; path = ExpenseListView.swift; sourceTree = "<group>"; };
		351C9243A3D7C8A43432B8EA /* AddReminderViewModel.swift */ = {isa = PBXFileReference; lastKnownFileType = sourcecode.swift; path = AddReminderViewModel.swift; sourceTree = "<group>"; };
		3A995FDA6B027961200142C5 /* DeleteButton.swift */ = {isa = PBXFileReference; lastKnownFileType = sourcecode.swift; path = DeleteButton.swift; sourceTree = "<group>"; };
		3F59E23AF8FE0C36ABF075C6 /* AddReportView.swift */ = {isa = PBXFileReference; lastKnownFileType = sourcecode.swift; path = AddReportView.swift; sourceTree = "<group>"; };
		45619F57272F6A13BD1EED6A /* Typography.swift */ = {isa = PBXFileReference; lastKnownFileType = sourcecode.swift; path = Typography.swift; sourceTree = "<group>"; };
		4A953F8A8ACE2D38197487E3 /* EditReminderView.swift */ = {isa = PBXFileReference; lastKnownFileType = sourcecode.swift; path = EditReminderView.swift; sourceTree = "<group>"; };
		4C82D36F5B94C4B8909D0C9D /* DocumentModel.swift */ = {isa = PBXFileReference; lastKnownFileType = sourcecode.swift; path = DocumentModel.swift; sourceTree = "<group>"; };
		4F5C89004AC841316A0F39F5 /* AlertAddNumbers.swift */ = {isa = PBXFileReference; lastKnownFileType = sourcecode.swift; path = AlertAddNumbers.swift; sourceTree = "<group>"; };
		520061BE04FA0CA208946AA6 /* OnboardingViewModel.swift */ = {isa = PBXFileReference; lastKnownFileType = sourcecode.swift; path = OnboardingViewModel.swift; sourceTree = "<group>"; };
		55284CD5A1363B03CE93831D /* EditVehicleView.swift */ = {isa = PBXFileReference; lastKnownFileType = sourcecode.swift; path = EditVehicleView.swift; sourceTree = "<group>"; };
		59FD2CA576F169DAF08351AB /* AnalyticsOverviewView.swift */ = {isa = PBXFileReference; lastKnownFileType = sourcecode.swift; path = AnalyticsOverviewView.swift; sourceTree = "<group>"; };
		5A87C91CB6BF5EA04F801A1C /* DataViewModel.swift */ = {isa = PBXFileReference; lastKnownFileType = sourcecode.swift; path = DataViewModel.swift; sourceTree = "<group>"; };
		60A163C57B22665D147035CD /* Document+CoreDataProperties.swift */ = {isa = PBXFileReference; lastKnownFileType = sourcecode.swift; path = "Document+CoreDataProperties.swift"; sourceTree = "<group>"; };
		652D14900CBF462F54509291 /* SettingsView.swift */ = {isa = PBXFileReference; lastKnownFileType = sourcecode.swift; path = SettingsView.swift; sourceTree = "<group>"; };
		6574CAC828FBB2164085AA5C /* LastEventsView.swift */ = {isa = PBXFileReference; lastKnownFileType = sourcecode.swift; path = LastEventsView.swift; sourceTree = "<group>"; };
		67DFF8449B1BED05C481EF7F /* HeaderContentView.swift */ = {isa = PBXFileReference; lastKnownFileType = sourcecode.swift; path = HeaderContentView.swift; sourceTree = "<group>"; };
		737ACF2389BFC6445D102964 /* AnalyticsFuelView.swift */ = {isa = PBXFileReference; lastKnownFileType = sourcecode.swift; path = AnalyticsFuelView.swift; sourceTree = "<group>"; };
		755338E7E367457A36A4545C /* HTML View.swift */ = {isa = PBXFileReference; lastKnownFileType = sourcecode.swift; path = "HTML View.swift"; sourceTree = "<group>"; };
		790BCF8B6E055D131C06DCE0 /* Expense+CoreDataClass.swift */ = {isa = PBXFileReference; lastKnownFileType = sourcecode.swift; path = "Expense+CoreDataClass.swift"; sourceTree = "<group>"; };
		794D90EFBAD481F8EC79E545 /* TabData.swift */ = {isa = PBXFileReference; lastKnownFileType = sourcecode.swift; path = TabData.swift; sourceTree = "<group>"; };
		7FE74F46E9166EC09466DB36 /* PdfViewModel.swift */ = {isa = PBXFileReference; lastKnownFileType = sourcecode.swift; path = PdfViewModel.swift; sourceTree = "<group>"; };
		859E7100E1B10145499D148D /* OldTabBarView.swift */ = {isa = PBXFileReference; lastKnownFileType = sourcecode.swift; path = OldTabBarView.swift; sourceTree = "<group>"; };
		87698E72F94AA507CBE3C956 /* NumberModel.swift */ = {isa = PBXFileReference; lastKnownFileType = sourcecode.swift; path = NumberModel.swift; sourceTree = "<group>"; };
		886366246717F9D7547FE6D5 /* HomeStyleView.swift */ = {isa = PBXFileReference; lastKnownFileType = sourcecode.swift; path = HomeStyleView.swift; sourceTree = "<group>"; };
		8AD06A7D1B161B42F2236A91 /* GifView.swift */ = {isa = PBXFileReference; lastKnownFileType = sourcecode.swift; path = GifView.swift; sourceTree = "<group>"; };
		8CE0F98C11AA938A6E665DB6 /* Number+CoreDataClass.swift */ = {isa = PBXFileReference; lastKnownFileType = sourcecode.swift; path = "Number+CoreDataClass.swift"; sourceTree = "<group>"; };
		8DAFB2FD20F72B5D659387CD /* Pitstop-Project.xcconfig */ = {isa = PBXFileReference; lastKnownFileType = text.xcconfig; path = "Pitstop-Project.xcconfig"; sourceTree = "<group>"; };
		931770E334A8DB1DF2C3AE5B /* CoreDataManager.swift */ = {isa = PBXFileReference; lastKnownFileType = sourcecode.swift; path = CoreDataManager.swift; sourceTree = "<group>"; };
		934A0E50AC264FDA8E9FB87A /* CategoryRow.swift */ = {isa = PBXFileReference; lastKnownFileType = sourcecode.swift; path = CategoryRow.swift; sourceTree = "<group>"; };
		9516BC3F1E49E2E3FFB32958 /* WorkInProgressView.swift */ = {isa = PBXFileReference; lastKnownFileType = sourcecode.swift; path = WorkInProgressView.swift; sourceTree = "<group>"; };
		99682942BA7532DCB5178B96 /* DocumentView.swift */ = {isa = PBXFileReference; lastKnownFileType = sourcecode.swift; path = DocumentView.swift; sourceTree = "<group>"; };
		9EE7B5F8661B6024EE351781 /* ExpenseModel.swift */ = {isa = PBXFileReference; lastKnownFileType = sourcecode.swift; path = ExpenseModel.swift; sourceTree = "<group>"; };
		A152FD65D1E7C5CEBBC7876A /* BottomContentView.swift */ = {isa = PBXFileReference; lastKnownFileType = sourcecode.swift; path = BottomContentView.swift; sourceTree = "<group>"; };
		A65D8A93366B5D008AB64A5B /* NotificationManager.swift */ = {isa = PBXFileReference; lastKnownFileType = sourcecode.swift; path = NotificationManager.swift; sourceTree = "<group>"; };
		B04E4AB3444E633E4CAFC4CD /* FuelViewModel.swift */ = {isa = PBXFileReference; lastKnownFileType = sourcecode.swift; path = FuelViewModel.swift; sourceTree = "<group>"; };
		B1C62C7757D448DF9BD81F89 /* EditEventView.swift */ = {isa = PBXFileReference; lastKnownFileType = sourcecode.swift; path = EditEventView.swift; sourceTree = "<group>"; };
		B29327011C5A5B32D4AB918D /* TabAppearance.swift */ = {isa = PBXFileReference; lastKnownFileType = sourcecode.swift; path = TabAppearance.swift; sourceTree = "<group>"; };
		B6A1A9E17E797283BE977654 /* AlertsOnBoarding.swift */ = {isa = PBXFileReference; lastKnownFileType = sourcecode.swift; path = AlertsOnBoarding.swift; sourceTree = "<group>"; };
		B78A9C5D1AE4F166C45C52CB /* Number+CoreDataProperties.swift */ = {isa = PBXFileReference; lastKnownFileType = sourcecode.swift; path = "Number+CoreDataProperties.swift"; sourceTree = "<group>"; };
		BD3163C5CE5D9CF2B7F7162C /* EditNumbers.swift */ = {isa = PBXFileReference; lastKnownFileType = sourcecode.swift; path = EditNumbers.swift; sourceTree = "<group>"; };
		BDE38B15114E886382F9A246 /* AboutView.swift */ = {isa = PBXFileReference; lastKnownFileType = sourcecode.swift; path = AboutView.swift; sourceTree = "<group>"; };
		C53AE3FECDB4BD5D6ED401D6 /* AllDocumentsView.swift */ = {isa = PBXFileReference; lastKnownFileType = sourcecode.swift; path = AllDocumentsView.swift; sourceTree = "<group>"; };
		CACD27427F0292D8BDE200BB /* Reminder+CoreDataClass.swift */ = {isa = PBXFileReference; lastKnownFileType = sourcecode.swift; path = "Reminder+CoreDataClass.swift"; sourceTree = "<group>"; };
		D26014F2FD0E034E78816DAF /* ExpiredReminder.swift */ = {isa = PBXFileReference; lastKnownFileType = sourcecode.swift; path = ExpiredReminder.swift; sourceTree = "<group>"; };
		D3A09E647879CDE4F26354A6 /* ReminderView.swift */ = {isa = PBXFileReference; lastKnownFileType = sourcecode.swift; path = ReminderView.swift; sourceTree = "<group>"; };
		D3ACFADE1005DFD4B85B82F4 /* CustomTabBarView.swift */ = {isa = PBXFileReference; lastKnownFileType = sourcecode.swift; path = CustomTabBarView.swift; sourceTree = "<group>"; };
		D3C28F54DCAD4B24F3FC5D83 /* Document+CoreDataClass.swift */ = {isa = PBXFileReference; lastKnownFileType = sourcecode.swift; path = "Document+CoreDataClass.swift"; sourceTree = "<group>"; };
		D40DD6B22DA92997C935EFCF /* ButtonStyle.swift */ = {isa = PBXFileReference; lastKnownFileType = sourcecode.swift; path = ButtonStyle.swift; sourceTree = "<group>"; };
		D6EE162DD30870EF61DD2A51 /* ListRowSeparatorModifier.swift */ = {isa = PBXFileReference; lastKnownFileType = sourcecode.swift; path = ListRowSeparatorModifier.swift; sourceTree = "<group>"; };
		DAD60D05B068C2B3DAC953CF /* AddExpenseViewModel.swift */ = {isa = PBXFileReference; lastKnownFileType = sourcecode.swift; path = AddExpenseViewModel.swift; sourceTree = "<group>"; };
		DD216F2ADC00737EE1065F6A /* ThemePickerView.swift */ = {isa = PBXFileReference; lastKnownFileType = sourcecode.swift; path = ThemePickerView.swift; sourceTree = "<group>"; };
		DE89E2326497F4F2F3DC7AC5 /* CategoryViewModel.swift */ = {isa = PBXFileReference; lastKnownFileType = sourcecode.swift; path = CategoryViewModel.swift; sourceTree = "<group>"; };
		E02186FE1AB664A1BA47B9F6 /* ReminderModel.swift */ = {isa = PBXFileReference; lastKnownFileType = sourcecode.swift; path = ReminderModel.swift; sourceTree = "<group>"; };
		E4C7BB3D02E746F74EF87C4E /* Expense+CoreDataProperties.swift */ = {isa = PBXFileReference; lastKnownFileType = sourcecode.swift; path = "Expense+CoreDataProperties.swift"; sourceTree = "<group>"; };
		EBE24EACF21FB30F960955C3 /* VehicleView.swift */ = {isa = PBXFileReference; lastKnownFileType = sourcecode.swift; path = VehicleView.swift; sourceTree = "<group>"; };
		ECAA5AD574F240791D075CE5 /* Pages.swift */ = {isa = PBXFileReference; lastKnownFileType = sourcecode.swift; path = Pages.swift; sourceTree = "<group>"; };
		ED303C90A28F8EC5F2C562E4 /* ClearListBackgroundModifier.swift */ = {isa = PBXFileReference; lastKnownFileType = sourcecode.swift; path = ClearListBackgroundModifier.swift; sourceTree = "<group>"; };
		EE3A2936809DB08E9D36A45E /* OdometerListView.swift */ = {isa = PBXFileReference; lastKnownFileType = sourcecode.swift; path = OdometerListView.swift; sourceTree = "<group>"; };
		F3E0812D09D2BBA71C44EA83 /* AnalyticsCostView.swift */ = {isa = PBXFileReference; lastKnownFileType = sourcecode.swift; path = AnalyticsCostView.swift; sourceTree = "<group>"; };
		F3F20DE4EE7DF737DBB2386B /* SwipeBackGestureExt.swift */ = {isa = PBXFileReference; lastKnownFileType = sourcecode.swift; path = SwipeBackGestureExt.swift; sourceTree = "<group>"; };
		F418A37CA739F40A6E8D49CA /* Pitstop_APP.app */ = {isa = PBXFileReference; explicitFileType = wrapper.application; includeInIndex = 0; path = Pitstop_APP.app; sourceTree = BUILT_PRODUCTS_DIR; };
		F49423AAA14B220E0211798B /* UtilityViewModel.swift */ = {isa = PBXFileReference; lastKnownFileType = sourcecode.swift; path = UtilityViewModel.swift; sourceTree = "<group>"; };
		F5157B581ACAA57D811BCF4F /* StatisticsViewModel.swift */ = {isa = PBXFileReference; lastKnownFileType = sourcecode.swift; path = StatisticsViewModel.swift; sourceTree = "<group>"; };
		F6322CA0ADD8E40AACC71761 /* Vehicle+CoreDataProperties.swift */ = {isa = PBXFileReference; lastKnownFileType = sourcecode.swift; path = "Vehicle+CoreDataProperties.swift"; sourceTree = "<group>"; };
		F70BB6D45585F048368F70FA /* HomeViewModel.swift */ = {isa = PBXFileReference; lastKnownFileType = sourcecode.swift; path = HomeViewModel.swift; sourceTree = "<group>"; };
		F78366CBBBCD7E61BC633FDC /* ColorHexExt.swift */ = {isa = PBXFileReference; lastKnownFileType = sourcecode.swift; path = ColorHexExt.swift; sourceTree = "<group>"; };
		F9F63D276E1A25955A22550E /* Reminder+CoreDataProperties.swift */ = {isa = PBXFileReference; lastKnownFileType = sourcecode.swift; path = "Reminder+CoreDataProperties.swift"; sourceTree = "<group>"; };
/* End PBXFileReference section */

/* Begin PBXFrameworksBuildPhase section */
		BCB9C2BD224FD50CEFE10807 /* Frameworks */ = {
			isa = PBXFrameworksBuildPhase;
			buildActionMask = 2147483647;
			files = (
			);
			runOnlyForDeploymentPostprocessing = 0;
		};
/* End PBXFrameworksBuildPhase section */

/* Begin PBXGroup section */
		0BB38AD48FAEBD7E2D9D8D18 /* Main */ = {
			isa = PBXGroup;
			children = (
				6574CAC828FBB2164085AA5C /* LastEventsView.swift */,
			);
			path = Main;
			sourceTree = "<group>";
		};
		0F2C2EE1986544B8E93DF201 /* InfoPlists */ = {
			isa = PBXGroup;
			children = (
				2E35FC43D306CB3EEAA5BCC5 /* Pitstop-APP-Info.plist */,
			);
			path = InfoPlists;
			sourceTree = "<group>";
		};
		17D81A796E8976DEB7B101EF /* Important numbers */ = {
			isa = PBXGroup;
			children = (
				4F5C89004AC841316A0F39F5 /* AlertAddNumbers.swift */,
				BD3163C5CE5D9CF2B7F7162C /* EditNumbers.swift */,
				23B46FC434582D5646F7363D /* ImportantNumbersView.swift */,
			);
			path = "Important numbers";
			sourceTree = "<group>";
		};
		1C105E347080C030639F0718 /* CoreData */ = {
			isa = PBXGroup;
			children = (
				931770E334A8DB1DF2C3AE5B /* CoreDataManager.swift */,
				D3C28F54DCAD4B24F3FC5D83 /* Document+CoreDataClass.swift */,
				60A163C57B22665D147035CD /* Document+CoreDataProperties.swift */,
				790BCF8B6E055D131C06DCE0 /* Expense+CoreDataClass.swift */,
				E4C7BB3D02E746F74EF87C4E /* Expense+CoreDataProperties.swift */,
				8CE0F98C11AA938A6E665DB6 /* Number+CoreDataClass.swift */,
				B78A9C5D1AE4F166C45C52CB /* Number+CoreDataProperties.swift */,
				CACD27427F0292D8BDE200BB /* Reminder+CoreDataClass.swift */,
				F9F63D276E1A25955A22550E /* Reminder+CoreDataProperties.swift */,
				24C1AD4595B4E6C35146520B /* Vehicle+CoreDataClass.swift */,
				F6322CA0ADD8E40AACC71761 /* Vehicle+CoreDataProperties.swift */,
			);
			path = CoreData;
			sourceTree = "<group>";
		};
		35BD858EE3A5B80064EF4AD2 /* Add Report Modal */ = {
			isa = PBXGroup;
			children = (
				3F59E23AF8FE0C36ABF075C6 /* AddReportView.swift */,
				31682088ECEA729CA9C72E02 /* ExpenseListView.swift */,
				EE3A2936809DB08E9D36A45E /* OdometerListView.swift */,
				24754C85C3159477A0FC8B01 /* ReminderListView.swift */,
			);
			path = "Add Report Modal";
			sourceTree = "<group>";
		};
		35E9E4676DDDB7DD2BCA572B /* Components */ = {
			isa = PBXGroup;
			children = (
				934A0E50AC264FDA8E9FB87A /* CategoryRow.swift */,
				223E249DBFEBBD391DBFB4B8 /* CustomList.swift */,
				3A995FDA6B027961200142C5 /* DeleteButton.swift */,
			);
			path = Components;
			sourceTree = "<group>";
		};
		3A62AF229CC651849B1B1790 /* Statistics */ = {
			isa = PBXGroup;
			children = (
				F3E0812D09D2BBA71C44EA83 /* AnalyticsCostView.swift */,
				737ACF2389BFC6445D102964 /* AnalyticsFuelView.swift */,
				1BA070C6F7446DEA85ABDD91 /* AnalyticsOdometerView.swift */,
				59FD2CA576F169DAF08351AB /* AnalyticsOverviewView.swift */,
				8AD06A7D1B161B42F2236A91 /* GifView.swift */,
				2E4870F3DFFFE227B1C75400 /* Graph.swift */,
				F5157B581ACAA57D811BCF4F /* StatisticsViewModel.swift */,
			);
			path = Statistics;
			sourceTree = "<group>";
		};
		3FB425FDE2B0E61C8866E47A = {
			isa = PBXGroup;
			children = (
				4002C4ABF480B69DBBC327DD /* Project */,
				C56D46362F50F0B1FDAB1D97 /* Products */,
			);
			sourceTree = "<group>";
		};
		4002C4ABF480B69DBBC327DD /* Project */ = {
			isa = PBXGroup;
			children = (
				931D3D049949C7C22324A0D2 /* Derived */,
				46A5DF463A831A3C3487E372 /* Sources */,
				F2D74D4B575C97E811E5F729 /* xcconfigs */,
			);
			name = Project;
			sourceTree = "<group>";
		};
		46A5DF463A831A3C3487E372 /* Sources */ = {
			isa = PBXGroup;
			children = (
				35E9E4676DDDB7DD2BCA572B /* Components */,
				1C105E347080C030639F0718 /* CoreData */,
				6433DB3CA14DC9B314866BA5 /* DesignKit */,
				74B603E8BCA960A1D0F02E83 /* Extension */,
				A8823BD07D2D6CD8BD6392EF /* Model */,
				B43CD4E9735A0A365C61281B /* View */,
				6734A17D2576785E258FA4A2 /* ViewModel */,
				C148E55924AA6BD8E23213ED /* ViewModifier */,
				24915FFAB50DBEAC8FE3211F /* HurricaneApp.swift */,
			);
			path = Sources;
			sourceTree = "<group>";
		};
		4FC4A2C4A90808E8EFB3134B /* Other */ = {
			isa = PBXGroup;
			children = (
				9516BC3F1E49E2E3FFB32958 /* WorkInProgressView.swift */,
			);
			path = Other;
			sourceTree = "<group>";
		};
		551FDDF171CCC90577B86DCA /* Reminders */ = {
			isa = PBXGroup;
			children = (
				4A953F8A8ACE2D38197487E3 /* EditReminderView.swift */,
				D26014F2FD0E034E78816DAF /* ExpiredReminder.swift */,
				D3A09E647879CDE4F26354A6 /* ReminderView.swift */,
			);
			path = Reminders;
			sourceTree = "<group>";
		};
		5985C178778DAD178C5E9032 /* OnBoarding */ = {
			isa = PBXGroup;
			children = (
				B6A1A9E17E797283BE977654 /* AlertsOnBoarding.swift */,
				2E9264C608128A2059510136 /* OnboardingView.swift */,
				520061BE04FA0CA208946AA6 /* OnboardingViewModel.swift */,
				ECAA5AD574F240791D075CE5 /* Pages.swift */,
			);
			path = OnBoarding;
			sourceTree = "<group>";
		};
		627B1519E062DCCAB99FE125 /* Documents */ = {
			isa = PBXGroup;
			children = (
				C53AE3FECDB4BD5D6ED401D6 /* AllDocumentsView.swift */,
				99682942BA7532DCB5178B96 /* DocumentView.swift */,
				277C220E56D01A885E796A35 /* PDFKitView.swift */,
			);
			path = Documents;
			sourceTree = "<group>";
		};
		6433DB3CA14DC9B314866BA5 /* DesignKit */ = {
			isa = PBXGroup;
			children = (
				D40DD6B22DA92997C935EFCF /* ButtonStyle.swift */,
				120CE06B7DBC6D76C422A250 /* Palette.swift */,
				45619F57272F6A13BD1EED6A /* Typography.swift */,
			);
			path = DesignKit;
			sourceTree = "<group>";
		};
		6734A17D2576785E258FA4A2 /* ViewModel */ = {
			isa = PBXGroup;
			children = (
				DAD60D05B068C2B3DAC953CF /* AddExpenseViewModel.swift */,
				351C9243A3D7C8A43432B8EA /* AddReminderViewModel.swift */,
				DE89E2326497F4F2F3DC7AC5 /* CategoryViewModel.swift */,
				5A87C91CB6BF5EA04F801A1C /* DataViewModel.swift */,
				B04E4AB3444E633E4CAFC4CD /* FuelViewModel.swift */,
				F70BB6D45585F048368F70FA /* HomeViewModel.swift */,
				A65D8A93366B5D008AB64A5B /* NotificationManager.swift */,
				7FE74F46E9166EC09466DB36 /* PdfViewModel.swift */,
				F49423AAA14B220E0211798B /* UtilityViewModel.swift */,
			);
			path = ViewModel;
			sourceTree = "<group>";
		};
		6A463C4AAD7C03EB02024B02 /* Settings */ = {
			isa = PBXGroup;
			children = (
				BDE38B15114E886382F9A246 /* AboutView.swift */,
				55284CD5A1363B03CE93831D /* EditVehicleView.swift */,
				755338E7E367457A36A4545C /* HTML View.swift */,
				652D14900CBF462F54509291 /* SettingsView.swift */,
				DD216F2ADC00737EE1065F6A /* ThemePickerView.swift */,
			);
			path = Settings;
			sourceTree = "<group>";
		};
		74B603E8BCA960A1D0F02E83 /* Extension */ = {
			isa = PBXGroup;
			children = (
				F78366CBBBCD7E61BC633FDC /* ColorHexExt.swift */,
				F3F20DE4EE7DF737DBB2386B /* SwipeBackGestureExt.swift */,
			);
			path = Extension;
			sourceTree = "<group>";
		};
		7BDBA335BB84618FC4E1A230 /* CustomTabBar */ = {
			isa = PBXGroup;
			children = (
				D3ACFADE1005DFD4B85B82F4 /* CustomTabBarView.swift */,
				859E7100E1B10145499D148D /* OldTabBarView.swift */,
				B29327011C5A5B32D4AB918D /* TabAppearance.swift */,
				794D90EFBAD481F8EC79E545 /* TabData.swift */,
			);
			path = CustomTabBar;
			sourceTree = "<group>";
		};
		931D3D049949C7C22324A0D2 /* Derived */ = {
			isa = PBXGroup;
			children = (
				0F2C2EE1986544B8E93DF201 /* InfoPlists */,
			);
			path = Derived;
			sourceTree = "<group>";
		};
		A8823BD07D2D6CD8BD6392EF /* Model */ = {
			isa = PBXGroup;
			children = (
				4C82D36F5B94C4B8909D0C9D /* DocumentModel.swift */,
				9EE7B5F8661B6024EE351781 /* ExpenseModel.swift */,
				87698E72F94AA507CBE3C956 /* NumberModel.swift */,
				E02186FE1AB664A1BA47B9F6 /* ReminderModel.swift */,
				108A720E09348923BDBE1F01 /* VehicleModel.swift */,
			);
			path = Model;
			sourceTree = "<group>";
		};
		AF973315E058255FC220A7B3 /* Last Events */ = {
			isa = PBXGroup;
			children = (
				B1C62C7757D448DF9BD81F89 /* EditEventView.swift */,
				215AB4D1886BF03FEFAEDA4E /* LastEventsListView.swift */,
			);
			path = "Last Events";
			sourceTree = "<group>";
		};
		B43CD4E9735A0A365C61281B /* View */ = {
			isa = PBXGroup;
			children = (
				7BDBA335BB84618FC4E1A230 /* CustomTabBar */,
				0BB38AD48FAEBD7E2D9D8D18 /* Main */,
				5985C178778DAD178C5E9032 /* OnBoarding */,
				4FC4A2C4A90808E8EFB3134B /* Other */,
				6A463C4AAD7C03EB02024B02 /* Settings */,
				3A62AF229CC651849B1B1790 /* Statistics */,
				C18B9DBA79606172A4E8DA83 /* Vehicle */,
			);
			path = View;
			sourceTree = "<group>";
		};
		C148E55924AA6BD8E23213ED /* ViewModifier */ = {
			isa = PBXGroup;
			children = (
				ED303C90A28F8EC5F2C562E4 /* ClearListBackgroundModifier.swift */,
				D6EE162DD30870EF61DD2A51 /* ListRowSeparatorModifier.swift */,
			);
			path = ViewModifier;
			sourceTree = "<group>";
		};
		C18B9DBA79606172A4E8DA83 /* Vehicle */ = {
			isa = PBXGroup;
			children = (
				35BD858EE3A5B80064EF4AD2 /* Add Report Modal */,
				627B1519E062DCCAB99FE125 /* Documents */,
				17D81A796E8976DEB7B101EF /* Important numbers */,
				AF973315E058255FC220A7B3 /* Last Events */,
				551FDDF171CCC90577B86DCA /* Reminders */,
				A152FD65D1E7C5CEBBC7876A /* BottomContentView.swift */,
				67DFF8449B1BED05C481EF7F /* HeaderContentView.swift */,
				886366246717F9D7547FE6D5 /* HomeStyleView.swift */,
				07F0CB7E1A22BCE839DE3F4E /* TopBarView.swift */,
				EBE24EACF21FB30F960955C3 /* VehicleView.swift */,
			);
			path = Vehicle;
			sourceTree = "<group>";
		};
		C56D46362F50F0B1FDAB1D97 /* Products */ = {
			isa = PBXGroup;
			children = (
				F418A37CA739F40A6E8D49CA /* Pitstop_APP.app */,
			);
			name = Products;
			sourceTree = "<group>";
		};
		F2D74D4B575C97E811E5F729 /* xcconfigs */ = {
			isa = PBXGroup;
			children = (
				26632611DDFF2646F8747F07 /* Debug.xcconfig */,
				8DAFB2FD20F72B5D659387CD /* Pitstop-Project.xcconfig */,
			);
			path = xcconfigs;
			sourceTree = "<group>";
		};
/* End PBXGroup section */

/* Begin PBXNativeTarget section */
		EAD74B5DC3DD3F1CAA76CF4F /* Pitstop-APP */ = {
			isa = PBXNativeTarget;
			buildConfigurationList = 4FF6999088BE8702788C289B /* Build configuration list for PBXNativeTarget "Pitstop-APP" */;
			buildPhases = (
				71BE853BD44212467704099F /* Sources */,
				79A446DF8096B9DF8B6E1367 /* Resources */,
				BCB9C2BD224FD50CEFE10807 /* Frameworks */,
				1D5846FA1765333D1522D3B0 /* Embed Frameworks */,
			);
			buildRules = (
			);
			dependencies = (
			);
			name = "Pitstop-APP";
			packageProductDependencies = (
			);
			productName = Pitstop_APP;
			productReference = F418A37CA739F40A6E8D49CA /* Pitstop_APP.app */;
			productType = "com.apple.product-type.application";
		};
/* End PBXNativeTarget section */

/* Begin PBXProject section */
		7FAA82D9D8D40F4F31BBC941 /* Project object */ = {
			isa = PBXProject;
			attributes = {
				BuildIndependentTargetsInParallel = YES;
				TargetAttributes = {
				};
			};
			buildConfigurationList = F37E6549A383E0D7C312D35F /* Build configuration list for PBXProject "Pitstop-Tuist" */;
			compatibilityVersion = "Xcode 14.0";
			developmentRegion = en;
			hasScannedForEncodings = 0;
			knownRegions = (
				Base,
				en,
			);
			mainGroup = 3FB425FDE2B0E61C8866E47A;
			productRefGroup = C56D46362F50F0B1FDAB1D97 /* Products */;
			projectDirPath = "";
			projectRoot = "";
			targets = (
				EAD74B5DC3DD3F1CAA76CF4F /* Pitstop-APP */,
			);
		};
/* End PBXProject section */

/* Begin PBXResourcesBuildPhase section */
		79A446DF8096B9DF8B6E1367 /* Resources */ = {
			isa = PBXResourcesBuildPhase;
			buildActionMask = 2147483647;
			files = (
			);
			runOnlyForDeploymentPostprocessing = 0;
		};
/* End PBXResourcesBuildPhase section */

/* Begin PBXSourcesBuildPhase section */
		71BE853BD44212467704099F /* Sources */ = {
			isa = PBXSourcesBuildPhase;
			buildActionMask = 2147483647;
			files = (
				B9C74FACE439A8E46988D9FA /* CategoryRow.swift in Sources */,
				0489E3A9A2B3CE8978199F6A /* CustomList.swift in Sources */,
				38A29BF07523EBD98577B74B /* DeleteButton.swift in Sources */,
				595682AF40242D946770CCFD /* CoreDataManager.swift in Sources */,
				1FD6C115EA3C25E983D69B88 /* Document+CoreDataClass.swift in Sources */,
				71FED6E31C4816183EB4B1AA /* Document+CoreDataProperties.swift in Sources */,
				92249BE906CB71B6E040F9E0 /* Expense+CoreDataClass.swift in Sources */,
				D7ECF8006A86A215A29946A8 /* Expense+CoreDataProperties.swift in Sources */,
				8656A6F4CA5C09FCFB151423 /* Number+CoreDataClass.swift in Sources */,
				E8AC100BD73CA107B0FA1265 /* Number+CoreDataProperties.swift in Sources */,
				3DF30A2FC77F748DE0FA6E1A /* Reminder+CoreDataClass.swift in Sources */,
				D8090FCED096004DCDD71EE4 /* Reminder+CoreDataProperties.swift in Sources */,
				2F8C96E5251C88E929C012CA /* Vehicle+CoreDataClass.swift in Sources */,
				533F3661678D8E17BFAD5AE5 /* Vehicle+CoreDataProperties.swift in Sources */,
				8B16152F7C0A56465950438E /* ButtonStyle.swift in Sources */,
				B100CD18F0A3DF12B797AC04 /* Palette.swift in Sources */,
				54C909F6742CEFD192DBF008 /* Typography.swift in Sources */,
				32FC88FFC8CE586D74C13CE2 /* ColorHexExt.swift in Sources */,
				29CD3300A0EE0764548B2BBB /* SwipeBackGestureExt.swift in Sources */,
				4A0E5E9464D035480D0320C8 /* HurricaneApp.swift in Sources */,
				F848AA6527BE46C9C76D3EE8 /* DocumentModel.swift in Sources */,
				6BEB0AC729C28346288C4C41 /* ExpenseModel.swift in Sources */,
				99C753BF7A9EAB038AC0954C /* NumberModel.swift in Sources */,
				6BD7AE4409784BDBC93EEFA3 /* ReminderModel.swift in Sources */,
				868CE66853D0A1674FD3AB31 /* VehicleModel.swift in Sources */,
				6D37EEE41D8584B0F3FFC227 /* CustomTabBarView.swift in Sources */,
				049CF32D2C7F29ED415CCE2C /* OldTabBarView.swift in Sources */,
				B0CE4D5C7316DCAACA4A0DA7 /* TabAppearance.swift in Sources */,
				FF2B72E5CC21467FD2B6BECE /* TabData.swift in Sources */,
				0AF4BDAC153BE07FBDD68CB6 /* LastEventsView.swift in Sources */,
				6C36080045AD7E9AAE733444 /* AlertsOnBoarding.swift in Sources */,
				B4C6EFA2777971B60136E6D0 /* OnboardingView.swift in Sources */,
				CE4821133D77F718CF862C77 /* OnboardingViewModel.swift in Sources */,
				05DA08D600CA81B28D19C0E0 /* Pages.swift in Sources */,
				CBF9AFF77DB793749BDA5BFD /* WorkInProgressView.swift in Sources */,
				BCC90F988D482F0D1DE0E6E7 /* AboutView.swift in Sources */,
				EBDC048EC990E45A33C95835 /* EditVehicleView.swift in Sources */,
				E2DD8D314DA8F595CC178F39 /* HTML View.swift in Sources */,
				88668B826557E7A729DA812E /* SettingsView.swift in Sources */,
				91E02EC41349ED8C00D4072A /* ThemePickerView.swift in Sources */,
				ABB21BDED24682B4EB1442CD /* AnalyticsCostView.swift in Sources */,
				016FA4B035EE169CC8DE6AE6 /* AnalyticsFuelView.swift in Sources */,
				451F1132536DAF40FB1650FD /* AnalyticsOdometerView.swift in Sources */,
				54F580C19F9AE6C52F9CBA5F /* AnalyticsOverviewView.swift in Sources */,
				8A44244D53A3B18E0A35D221 /* GifView.swift in Sources */,
				5EF189AAD8CD8AFDCD908007 /* Graph.swift in Sources */,
				EF517D469F36790C1C9DA302 /* StatisticsViewModel.swift in Sources */,
				99F6F3D8AECC7FCF6FACDC13 /* AddReportView.swift in Sources */,
				75F484BCB7708DF981359372 /* ExpenseListView.swift in Sources */,
				7EB65C296FCE097EB27D8651 /* OdometerListView.swift in Sources */,
				5317F03651B9FB99EFA812C0 /* ReminderListView.swift in Sources */,
				E168943366DAC4B5EE8E4D14 /* BottomContentView.swift in Sources */,
				83B26E80EB6E13F6B10D59A3 /* AllDocumentsView.swift in Sources */,
				D01B3A32CA4E2F90F64E1065 /* DocumentView.swift in Sources */,
				1FE796BECDDA4D30B00DE81A /* PDFKitView.swift in Sources */,
				AB42B5DF03543D2759108140 /* HeaderContentView.swift in Sources */,
				130D27E6426BF7E94621FE63 /* HomeStyleView.swift in Sources */,
				857E4C1FD041EB1113552E79 /* AlertAddNumbers.swift in Sources */,
				C9C701D621824C31E46FF629 /* EditNumbers.swift in Sources */,
				3B5071DAEF331E54B7C46DE6 /* ImportantNumbersView.swift in Sources */,
				E582CF98EFE56C083FEC91DC /* EditEventView.swift in Sources */,
				4EE5915F6720150E8FD0AD24 /* LastEventsListView.swift in Sources */,
				30F8C7DA230354C11E735248 /* EditReminderView.swift in Sources */,
				CC55C0D38049B2AEFB60A031 /* ExpiredReminder.swift in Sources */,
				2C5C446D28D6614AB05F8BFF /* ReminderView.swift in Sources */,
				4E80443A45ACA9D2F950D1DA /* TopBarView.swift in Sources */,
				05167D7F13B3713ACD606D24 /* VehicleView.swift in Sources */,
				CF966DA2993159B9523B80CA /* AddExpenseViewModel.swift in Sources */,
				0B0FB3913DDECEEBA2DAAF7D /* AddReminderViewModel.swift in Sources */,
				48C4395ABFC3D9CDA7AEB7C8 /* CategoryViewModel.swift in Sources */,
				DB1ACB9B78014B59A4755D22 /* DataViewModel.swift in Sources */,
				925C618C76D152853D111B48 /* FuelViewModel.swift in Sources */,
				9079F96A7FFA247BB453F00F /* HomeViewModel.swift in Sources */,
				6191CB61F8EF2DC51AEADEA1 /* NotificationManager.swift in Sources */,
				8BCBE2579936919714F5E6C6 /* PdfViewModel.swift in Sources */,
				F2C871C969AC0F2C94FC83EE /* UtilityViewModel.swift in Sources */,
				039099A405C725AC9FCD4391 /* ClearListBackgroundModifier.swift in Sources */,
				07023A5228F029092EBB75C2 /* ListRowSeparatorModifier.swift in Sources */,
			);
			runOnlyForDeploymentPostprocessing = 0;
		};
/* End PBXSourcesBuildPhase section */

/* Begin XCBuildConfiguration section */
		C94D2C0CC47EC7E7F2BDCAC3 /* Debug */ = {
			isa = XCBuildConfiguration;
			baseConfigurationReference = 26632611DDFF2646F8747F07 /* Debug.xcconfig */;
			buildSettings = {
				ASSETCATALOG_COMPILER_APPICON_NAME = AppIcon;
				CODE_SIGN_IDENTITY = "iPhone Developer";
				ENABLE_PREVIEWS = YES;
				INFOPLIST_FILE = "Derived/InfoPlists/Pitstop-APP-Info.plist";
				IPHONEOS_DEPLOYMENT_TARGET = 16.6;
				LD_RUNPATH_SEARCH_PATHS = (
					"$(inherited)",
					"@executable_path/Frameworks",
				);
				PRODUCT_BUNDLE_IDENTIFIER = com.academy.pitstopD;
				PRODUCT_NAME = Pitstop_APP;
				SDKROOT = iphoneos;
				SUPPORTS_MACCATALYST = NO;
				SUPPORTS_MAC_DESIGNED_FOR_IPHONE_IPAD = YES;
				SUPPORTS_XR_DESIGNED_FOR_IPHONE_IPAD = NO;
				SWIFT_ACTIVE_COMPILATION_CONDITIONS = (
					"$(inherited)",
					DEBUG,
				);
				SWIFT_COMPILATION_MODE = singlefile;
				SWIFT_OPTIMIZATION_LEVEL = "-Onone";
				SWIFT_VERSION = 5.0;
				TARGETED_DEVICE_FAMILY = "1,2";
			};
			name = Debug;
		};
		F1A412A3D989EAC259A28616 /* Debug */ = {
			isa = XCBuildConfiguration;
			baseConfigurationReference = 8DAFB2FD20F72B5D659387CD /* Pitstop-Project.xcconfig */;
			buildSettings = {
				ALWAYS_SEARCH_USER_PATHS = NO;
				CLANG_ANALYZER_LOCALIZABILITY_NONLOCALIZED = YES;
				CLANG_ANALYZER_NONNULL = YES;
				CLANG_ANALYZER_NUMBER_OBJECT_CONVERSION = YES_AGGRESSIVE;
				CLANG_CXX_LANGUAGE_STANDARD = "gnu++14";
				CLANG_CXX_LIBRARY = "libc++";
				CLANG_ENABLE_MODULES = YES;
				CLANG_ENABLE_OBJC_ARC = YES;
				CLANG_ENABLE_OBJC_WEAK = YES;
				CLANG_WARN_BLOCK_CAPTURE_AUTORELEASING = YES;
				CLANG_WARN_BOOL_CONVERSION = YES;
				CLANG_WARN_COMMA = YES;
				CLANG_WARN_CONSTANT_CONVERSION = YES;
				CLANG_WARN_DEPRECATED_OBJC_IMPLEMENTATIONS = YES;
				CLANG_WARN_DIRECT_OBJC_ISA_USAGE = YES_ERROR;
				CLANG_WARN_DOCUMENTATION_COMMENTS = YES;
				CLANG_WARN_EMPTY_BODY = YES;
				CLANG_WARN_ENUM_CONVERSION = YES;
				CLANG_WARN_INFINITE_RECURSION = YES;
				CLANG_WARN_INT_CONVERSION = YES;
				CLANG_WARN_NON_LITERAL_NULL_CONVERSION = YES;
				CLANG_WARN_OBJC_IMPLICIT_RETAIN_SELF = YES;
				CLANG_WARN_OBJC_LITERAL_CONVERSION = YES;
				CLANG_WARN_OBJC_ROOT_CLASS = YES_ERROR;
				CLANG_WARN_QUOTED_INCLUDE_IN_FRAMEWORK_HEADER = YES;
				CLANG_WARN_RANGE_LOOP_ANALYSIS = YES;
				CLANG_WARN_STRICT_PROTOTYPES = YES;
				CLANG_WARN_SUSPICIOUS_MOVE = YES;
				CLANG_WARN_UNGUARDED_AVAILABILITY = YES_AGGRESSIVE;
				CLANG_WARN_UNREACHABLE_CODE = YES;
				CLANG_WARN__DUPLICATE_METHOD_MATCH = YES;
				COPY_PHASE_STRIP = NO;
				DEAD_CODE_STRIPPING = YES;
				DEBUG_INFORMATION_FORMAT = dwarf;
				ENABLE_STRICT_OBJC_MSGSEND = YES;
				ENABLE_TESTABILITY = YES;
				GCC_C_LANGUAGE_STANDARD = gnu11;
				GCC_DYNAMIC_NO_PIC = NO;
				GCC_NO_COMMON_BLOCKS = YES;
				GCC_OPTIMIZATION_LEVEL = 0;
				GCC_PREPROCESSOR_DEFINITIONS = (
					"DEBUG=1",
					"$(inherited)",
				);
				GCC_WARN_64_TO_32_BIT_CONVERSION = YES;
				GCC_WARN_ABOUT_RETURN_TYPE = YES_ERROR;
				GCC_WARN_UNDECLARED_SELECTOR = YES;
				GCC_WARN_UNINITIALIZED_AUTOS = YES_AGGRESSIVE;
				GCC_WARN_UNUSED_FUNCTION = YES;
				GCC_WARN_UNUSED_VARIABLE = YES;
				MTL_ENABLE_DEBUG_INFO = YES;
				ONLY_ACTIVE_ARCH = YES;
				PRODUCT_NAME = "$(TARGET_NAME)";
			};
			name = Debug;
		};
/* End XCBuildConfiguration section */

/* Begin XCConfigurationList section */
		4FF6999088BE8702788C289B /* Build configuration list for PBXNativeTarget "Pitstop-APP" */ = {
			isa = XCConfigurationList;
			buildConfigurations = (
				C94D2C0CC47EC7E7F2BDCAC3 /* Debug */,
			);
			defaultConfigurationIsVisible = 0;
			defaultConfigurationName = Debug;
		};
		F37E6549A383E0D7C312D35F /* Build configuration list for PBXProject "Pitstop-Tuist" */ = {
			isa = XCConfigurationList;
			buildConfigurations = (
				F1A412A3D989EAC259A28616 /* Debug */,
			);
			defaultConfigurationIsVisible = 0;
			defaultConfigurationName = Debug;
		};
/* End XCConfigurationList section */
	};
	rootObject = 7FAA82D9D8D40F4F31BBC941 /* Project object */;
}
