// !$*UTF8*$!
{
	archiveVersion = 1;
	classes = {
	};
	objectVersion = 55;
	objects = {

/* Begin PBXBuildFile section */
		030A39922858D36500218628 /* HTML View.swift in Sources */ = {isa = PBXBuildFile; fileRef = 030A39912858D36500218628 /* HTML View.swift */; };
		030A39942858D43E00218628 /* TermsOfService.html in Resources */ = {isa = PBXBuildFile; fileRef = 030A39932858D43E00218628 /* TermsOfService.html */; };
		03305E9C28592590001E52B7 /* Localizable.strings in Resources */ = {isa = PBXBuildFile; fileRef = 03305E9E28592590001E52B7 /* Localizable.strings */; };
		41176DA92834DCC3000FD885 /* FuelViewModel.swift in Sources */ = {isa = PBXBuildFile; fileRef = 41176DA82834DCC3000FD885 /* FuelViewModel.swift */; };
		415773F8283BEBF800B20FA1 /* StatisticsViewModel.swift in Sources */ = {isa = PBXBuildFile; fileRef = 415773F7283BEBF800B20FA1 /* StatisticsViewModel.swift */; };
		415D202F28214180004AF201 /* HurricaneApp.swift in Sources */ = {isa = PBXBuildFile; fileRef = 415D202E28214180004AF201 /* HurricaneApp.swift */; };
		415D203328214182004AF201 /* Assets.xcassets in Resources */ = {isa = PBXBuildFile; fileRef = 415D203228214182004AF201 /* Assets.xcassets */; };
		415D203628214182004AF201 /* Preview Assets.xcassets in Resources */ = {isa = PBXBuildFile; fileRef = 415D203528214182004AF201 /* Preview Assets.xcassets */; };
		415D203E28214216004AF201 /* CarModel.xcdatamodeld in Sources */ = {isa = PBXBuildFile; fileRef = 415D203C28214215004AF201 /* CarModel.xcdatamodeld */; };
		415D2040282144CE004AF201 /* CoreDataManager.swift in Sources */ = {isa = PBXBuildFile; fileRef = 415D203F282144CE004AF201 /* CoreDataManager.swift */; };
		415D2042282145FE004AF201 /* DataViewModel.swift in Sources */ = {isa = PBXBuildFile; fileRef = 415D2041282145FE004AF201 /* DataViewModel.swift */; };
		416D26C82848B1EB00E4ECD6 /* LastEventsListView.swift in Sources */ = {isa = PBXBuildFile; fileRef = 416D26C72848B1EB00E4ECD6 /* LastEventsListView.swift */; };
		41C6E208282CEE6100F756B5 /* AnalyticsCostView.swift in Sources */ = {isa = PBXBuildFile; fileRef = 41C6E207282CEE6100F756B5 /* AnalyticsCostView.swift */; };
		41C6E20A282CF47D00F756B5 /* AnalyticsFuelView.swift in Sources */ = {isa = PBXBuildFile; fileRef = 41C6E209282CF47D00F756B5 /* AnalyticsFuelView.swift */; };
		41C6E20C282CF49B00F756B5 /* AnalyticsOdometerView.swift in Sources */ = {isa = PBXBuildFile; fileRef = 41C6E20B282CF49B00F756B5 /* AnalyticsOdometerView.swift */; };
		41C6E20E282D184400F756B5 /* Graph.swift in Sources */ = {isa = PBXBuildFile; fileRef = 41C6E20D282D184400F756B5 /* Graph.swift */; };
		41C6E210283185B200F756B5 /* CategoryViewModel.swift in Sources */ = {isa = PBXBuildFile; fileRef = 41C6E20F283185B200F756B5 /* CategoryViewModel.swift */; };
		FF10676C282C03300077CCF7 /* OnboardingViewModel.swift in Sources */ = {isa = PBXBuildFile; fileRef = FF10676B282C03300077CCF7 /* OnboardingViewModel.swift */; };
		FF10676E282C03E20077CCF7 /* Pages.swift in Sources */ = {isa = PBXBuildFile; fileRef = FF10676D282C03E20077CCF7 /* Pages.swift */; };
		FF106792282D36160077CCF7 /* HomeStyleView.swift in Sources */ = {isa = PBXBuildFile; fileRef = FF106791282D36160077CCF7 /* HomeStyleView.swift */; };
		FF106794282D38970077CCF7 /* HeaderContentView.swift in Sources */ = {isa = PBXBuildFile; fileRef = FF106793282D38960077CCF7 /* HeaderContentView.swift */; };
		FF14DC30282FCA1F00CA248B /* HomeViewModel.swift in Sources */ = {isa = PBXBuildFile; fileRef = FFC52895282E4BE60013D8B6 /* HomeViewModel.swift */; };
		FF14DC3228302CC300CA248B /* ImportantNumbersView.swift in Sources */ = {isa = PBXBuildFile; fileRef = FF14DC3128302CC300CA248B /* ImportantNumbersView.swift */; };
		FF192B0B284A5C0400F2F71C /* Reminder+CoreDataClass.swift in Sources */ = {isa = PBXBuildFile; fileRef = FF192B09284A5C0400F2F71C /* Reminder+CoreDataClass.swift */; };
		FF192B0C284A5C0400F2F71C /* Reminder+CoreDataProperties.swift in Sources */ = {isa = PBXBuildFile; fileRef = FF192B0A284A5C0400F2F71C /* Reminder+CoreDataProperties.swift */; };
		FF1AA1A32823F9C200AB61A2 /* Typography.swift in Sources */ = {isa = PBXBuildFile; fileRef = FF1AA1A22823F9C200AB61A2 /* Typography.swift */; };
		FF1AA1A52823FC0600AB61A2 /* Palette.swift in Sources */ = {isa = PBXBuildFile; fileRef = FF1AA1A42823FC0600AB61A2 /* Palette.swift */; };
		FF1AA1A72823FC4800AB61A2 /* ColorHexExt.swift in Sources */ = {isa = PBXBuildFile; fileRef = FF1AA1A62823FC4800AB61A2 /* ColorHexExt.swift */; };
		FF3616CB28290416002ADA33 /* AddExpenseViewModel.swift in Sources */ = {isa = PBXBuildFile; fileRef = FF3616CA28290416002ADA33 /* AddExpenseViewModel.swift */; };
		FF3616CD28290E61002ADA33 /* ExpenseListView.swift in Sources */ = {isa = PBXBuildFile; fileRef = FF3616CC28290E61002ADA33 /* ExpenseListView.swift */; };
		FF3616CF28290F21002ADA33 /* ReminderListView.swift in Sources */ = {isa = PBXBuildFile; fileRef = FF3616CE28290F21002ADA33 /* ReminderListView.swift */; };
		FF3616D128290F55002ADA33 /* OdometerListView.swift in Sources */ = {isa = PBXBuildFile; fileRef = FF3616D028290F55002ADA33 /* OdometerListView.swift */; };
		FF42ADCF2825131C00C66A84 /* CustomTabBarView.swift in Sources */ = {isa = PBXBuildFile; fileRef = FF42ADCE2825131C00C66A84 /* CustomTabBarView.swift */; };
		FF42ADD12825201A00C66A84 /* TabData.swift in Sources */ = {isa = PBXBuildFile; fileRef = FF42ADD02825201A00C66A84 /* TabData.swift */; };
		FF42ADD3282520A300C66A84 /* TabAppearance.swift in Sources */ = {isa = PBXBuildFile; fileRef = FF42ADD2282520A200C66A84 /* TabAppearance.swift */; };
		FF42ADD52825250B00C66A84 /* AnalyticsOverviewView.swift in Sources */ = {isa = PBXBuildFile; fileRef = FF42ADD42825250A00C66A84 /* AnalyticsOverviewView.swift */; };
		FF42ADD72825251500C66A84 /* SettingsView.swift in Sources */ = {isa = PBXBuildFile; fileRef = FF42ADD62825251500C66A84 /* SettingsView.swift */; };
		FF4C4F3E2846518500926F4D /* EditEventView.swift in Sources */ = {isa = PBXBuildFile; fileRef = FF4C4F3D2846518500926F4D /* EditEventView.swift */; };
		FF534EB2283643330089BE94 /* AlertsOnBoarding.swift in Sources */ = {isa = PBXBuildFile; fileRef = FF534EB1283643330089BE94 /* AlertsOnBoarding.swift */; };
		FF5D5A2528299D0D006D5ABF /* OnboardingView.swift in Sources */ = {isa = PBXBuildFile; fileRef = FF5D5A2428299D0D006D5ABF /* OnboardingView.swift */; };
		FF5F2C9F2823C4CD007980F3 /* Expense+CoreDataClass.swift in Sources */ = {isa = PBXBuildFile; fileRef = FF5F2C9D2823C4CD007980F3 /* Expense+CoreDataClass.swift */; };
		FF5F2CA02823C4CD007980F3 /* Expense+CoreDataProperties.swift in Sources */ = {isa = PBXBuildFile; fileRef = FF5F2C9E2823C4CD007980F3 /* Expense+CoreDataProperties.swift */; };
		FF6773852A166DB900A6B959 /* ClearListBackgroundModifier.swift in Sources */ = {isa = PBXBuildFile; fileRef = FF6773842A166DB900A6B959 /* ClearListBackgroundModifier.swift */; };
		FF6773882A1741C200A6B959 /* CategoryRow.swift in Sources */ = {isa = PBXBuildFile; fileRef = FF6773872A1741C200A6B959 /* CategoryRow.swift */; };
		FF67738A2A174B3100A6B959 /* ListRowSeparatorModifier.swift in Sources */ = {isa = PBXBuildFile; fileRef = FF6773892A174B3100A6B959 /* ListRowSeparatorModifier.swift */; };
		FF67738C2A1757E000A6B959 /* CustomList.swift in Sources */ = {isa = PBXBuildFile; fileRef = FF67738B2A1757E000A6B959 /* CustomList.swift */; };
		FF7439AE28574C8E00E113CA /* ThemePickerView.swift in Sources */ = {isa = PBXBuildFile; fileRef = FF7439AD28574C8E00E113CA /* ThemePickerView.swift */; };
		FF7C8AF4283F598900D2EEA2 /* Number+CoreDataClass.swift in Sources */ = {isa = PBXBuildFile; fileRef = FF7C8AF2283F598900D2EEA2 /* Number+CoreDataClass.swift */; };
		FF7C8AF5283F598900D2EEA2 /* Number+CoreDataProperties.swift in Sources */ = {isa = PBXBuildFile; fileRef = FF7C8AF3283F598900D2EEA2 /* Number+CoreDataProperties.swift */; };
		FF974B86283F4DE400C33576 /* VehicleModel.swift in Sources */ = {isa = PBXBuildFile; fileRef = FF974B85283F4DE400C33576 /* VehicleModel.swift */; };
		FF974B88283F4DF500C33576 /* ExpenseModel.swift in Sources */ = {isa = PBXBuildFile; fileRef = FF974B87283F4DF500C33576 /* ExpenseModel.swift */; };
		FF974B8A283F4E6000C33576 /* WorkInProgressView.swift in Sources */ = {isa = PBXBuildFile; fileRef = FF974B89283F4E6000C33576 /* WorkInProgressView.swift */; };
		FF974B8C283F520D00C33576 /* NumberModel.swift in Sources */ = {isa = PBXBuildFile; fileRef = FF974B8B283F520D00C33576 /* NumberModel.swift */; };
		FFA0E715284FB684008B3ED9 /* SwipeBackGestureExt.swift in Sources */ = {isa = PBXBuildFile; fileRef = FFA0E714284FB684008B3ED9 /* SwipeBackGestureExt.swift */; };
		FFA0E71928533191008B3ED9 /* EditNumbers.swift in Sources */ = {isa = PBXBuildFile; fileRef = FFA0E71828533191008B3ED9 /* EditNumbers.swift */; };
		FFA0E71B28535329008B3ED9 /* EditReminderView.swift in Sources */ = {isa = PBXBuildFile; fileRef = FFA0E71A28535329008B3ED9 /* EditReminderView.swift */; };
		FFA0E71D28553D15008B3ED9 /* ExpiredReminder.swift in Sources */ = {isa = PBXBuildFile; fileRef = FFA0E71C28553D15008B3ED9 /* ExpiredReminder.swift */; };
		FFA0E72028554495008B3ED9 /* DocumentView.swift in Sources */ = {isa = PBXBuildFile; fileRef = FFA0E71F28554495008B3ED9 /* DocumentView.swift */; };
		FFA0E722285548B1008B3ED9 /* PdfViewModel.swift in Sources */ = {isa = PBXBuildFile; fileRef = FFA0E721285548B1008B3ED9 /* PdfViewModel.swift */; };
		FFA0E72428554A96008B3ED9 /* PDFKitView.swift in Sources */ = {isa = PBXBuildFile; fileRef = FFA0E72328554A96008B3ED9 /* PDFKitView.swift */; };
		FFA0E72B28555014008B3ED9 /* Document+CoreDataClass.swift in Sources */ = {isa = PBXBuildFile; fileRef = FFA0E72728555014008B3ED9 /* Document+CoreDataClass.swift */; };
		FFA0E72C28555014008B3ED9 /* Document+CoreDataProperties.swift in Sources */ = {isa = PBXBuildFile; fileRef = FFA0E72828555014008B3ED9 /* Document+CoreDataProperties.swift */; };
		FFA9315D284A5DB900C8D73C /* ReminderModel.swift in Sources */ = {isa = PBXBuildFile; fileRef = FFA9315C284A5DB900C8D73C /* ReminderModel.swift */; };
		FFA93160284A62B400C8D73C /* ReminderView.swift in Sources */ = {isa = PBXBuildFile; fileRef = FFA9315F284A62B400C8D73C /* ReminderView.swift */; };
		FFA93162284A664800C8D73C /* AddReminderViewModel.swift in Sources */ = {isa = PBXBuildFile; fileRef = FFA93161284A664800C8D73C /* AddReminderViewModel.swift */; };
		FFA93164284A829B00C8D73C /* NotificationManager.swift in Sources */ = {isa = PBXBuildFile; fileRef = FFA93163284A829B00C8D73C /* NotificationManager.swift */; };
		FFC52898282FB2A50013D8B6 /* BottomContentView.swift in Sources */ = {isa = PBXBuildFile; fileRef = FFC52897282FB2A40013D8B6 /* BottomContentView.swift */; };
		FFC5289A282FB4430013D8B6 /* AlertAddNumbers.swift in Sources */ = {isa = PBXBuildFile; fileRef = FFC52899282FB4430013D8B6 /* AlertAddNumbers.swift */; };
		FFC67B45283A2A920078B283 /* EditVehicleView.swift in Sources */ = {isa = PBXBuildFile; fileRef = FFC67B44283A2A920078B283 /* EditVehicleView.swift */; };
		FFCC308428252F5B00391BD5 /* AddReportView.swift in Sources */ = {isa = PBXBuildFile; fileRef = FFCC308328252F5B00391BD5 /* AddReportView.swift */; };
		FFCC308628258B6C00391BD5 /* UtilityViewModel.swift in Sources */ = {isa = PBXBuildFile; fileRef = FFCC308528258B6C00391BD5 /* UtilityViewModel.swift */; };
		FFD1224628588CB7004686CA /* GifView.swift in Sources */ = {isa = PBXBuildFile; fileRef = FFD1224528588CB7004686CA /* GifView.swift */; };
		FFD1224A285892DB004686CA /* loadingStats.gif in Resources */ = {isa = PBXBuildFile; fileRef = FFD12249285892DB004686CA /* loadingStats.gif */; };
		FFD1224C2858BD6C004686CA /* AboutView.swift in Sources */ = {isa = PBXBuildFile; fileRef = FFD1224B2858BD6C004686CA /* AboutView.swift */; };
		FFD1224E2858BDB8004686CA /* aboutPlaceholder.gif in Resources */ = {isa = PBXBuildFile; fileRef = FFD1224D2858BDB7004686CA /* aboutPlaceholder.gif */; };
		FFD122502858CB0D004686CA /* comingSoon.gif in Resources */ = {isa = PBXBuildFile; fileRef = FFD1224F2858CB0D004686CA /* comingSoon.gif */; };
		FFD12252285E497B004686CA /* AllDocumentsView.swift in Sources */ = {isa = PBXBuildFile; fileRef = FFD12251285E497B004686CA /* AllDocumentsView.swift */; };
		FFDAA33D283FC68400145B35 /* DocumentModel.swift in Sources */ = {isa = PBXBuildFile; fileRef = FFDAA33C283FC68400145B35 /* DocumentModel.swift */; };
		FFDAA340283FE1A000145B35 /* TopBarView.swift in Sources */ = {isa = PBXBuildFile; fileRef = FFDAA33F283FE1A000145B35 /* TopBarView.swift */; };
		FFDF855A2824104A00E0F9BF /* VehicleView.swift in Sources */ = {isa = PBXBuildFile; fileRef = FFDF85592824104A00E0F9BF /* VehicleView.swift */; };
		FFDF855C282411FD00E0F9BF /* OldTabBarView.swift in Sources */ = {isa = PBXBuildFile; fileRef = FFDF855B282411FD00E0F9BF /* OldTabBarView.swift */; };
		FFFC3936282176F400F7E0A8 /* Vehicle+CoreDataClass.swift in Sources */ = {isa = PBXBuildFile; fileRef = FFFC3934282176F400F7E0A8 /* Vehicle+CoreDataClass.swift */; };
		FFFC3937282176F400F7E0A8 /* Vehicle+CoreDataProperties.swift in Sources */ = {isa = PBXBuildFile; fileRef = FFFC3935282176F400F7E0A8 /* Vehicle+CoreDataProperties.swift */; };
/* End PBXBuildFile section */

/* Begin PBXFileReference section */
		030A39912858D36500218628 /* HTML View.swift */ = {isa = PBXFileReference; lastKnownFileType = sourcecode.swift; path = "HTML View.swift"; sourceTree = "<group>"; };
		030A39932858D43E00218628 /* TermsOfService.html */ = {isa = PBXFileReference; fileEncoding = 4; lastKnownFileType = text.html; path = TermsOfService.html; sourceTree = "<group>"; };
		03305E9D28592590001E52B7 /* en-GB */ = {isa = PBXFileReference; lastKnownFileType = text.plist.strings; name = "en-GB"; path = "en-GB.lproj/Localizable.strings"; sourceTree = "<group>"; };
		03305EAA28593380001E52B7 /* it */ = {isa = PBXFileReference; lastKnownFileType = text.plist.strings; name = it; path = it.lproj/Localizable.strings; sourceTree = "<group>"; };
		03305EAB2859339D001E52B7 /* en */ = {isa = PBXFileReference; lastKnownFileType = text.plist.strings; name = en; path = en.lproj/Localizable.strings; sourceTree = "<group>"; };
		03305EB4285A0A7D001E52B7 /* Base */ = {isa = PBXFileReference; lastKnownFileType = text.plist.xml; name = Base; path = Base.lproj/Info.plist; sourceTree = "<group>"; };
		03305EBA285A0C66001E52B7 /* it */ = {isa = PBXFileReference; lastKnownFileType = text.plist.xml; name = it; path = it.lproj/Info.plist; sourceTree = "<group>"; };
		41176DA82834DCC3000FD885 /* FuelViewModel.swift */ = {isa = PBXFileReference; lastKnownFileType = sourcecode.swift; path = FuelViewModel.swift; sourceTree = "<group>"; };
		415773F7283BEBF800B20FA1 /* StatisticsViewModel.swift */ = {isa = PBXFileReference; lastKnownFileType = sourcecode.swift; path = StatisticsViewModel.swift; sourceTree = "<group>"; };
		415D202B28214180004AF201 /* Hurricane.app */ = {isa = PBXFileReference; explicitFileType = wrapper.application; includeInIndex = 0; path = Hurricane.app; sourceTree = BUILT_PRODUCTS_DIR; };
		415D202E28214180004AF201 /* HurricaneApp.swift */ = {isa = PBXFileReference; lastKnownFileType = sourcecode.swift; path = HurricaneApp.swift; sourceTree = "<group>"; };
		415D203228214182004AF201 /* Assets.xcassets */ = {isa = PBXFileReference; lastKnownFileType = folder.assetcatalog; path = Assets.xcassets; sourceTree = "<group>"; };
		415D203528214182004AF201 /* Preview Assets.xcassets */ = {isa = PBXFileReference; lastKnownFileType = folder.assetcatalog; path = "Preview Assets.xcassets"; sourceTree = "<group>"; };
		415D203D28214216004AF201 /* CarModel.xcdatamodel */ = {isa = PBXFileReference; lastKnownFileType = wrapper.xcdatamodel; path = CarModel.xcdatamodel; sourceTree = "<group>"; };
		415D203F282144CE004AF201 /* CoreDataManager.swift */ = {isa = PBXFileReference; lastKnownFileType = sourcecode.swift; path = CoreDataManager.swift; sourceTree = "<group>"; };
		415D2041282145FE004AF201 /* DataViewModel.swift */ = {isa = PBXFileReference; lastKnownFileType = sourcecode.swift; path = DataViewModel.swift; sourceTree = "<group>"; };
		416D26C72848B1EB00E4ECD6 /* LastEventsListView.swift */ = {isa = PBXFileReference; lastKnownFileType = sourcecode.swift; path = LastEventsListView.swift; sourceTree = "<group>"; };
		41C6E207282CEE6100F756B5 /* AnalyticsCostView.swift */ = {isa = PBXFileReference; lastKnownFileType = sourcecode.swift; path = AnalyticsCostView.swift; sourceTree = "<group>"; };
		41C6E209282CF47D00F756B5 /* AnalyticsFuelView.swift */ = {isa = PBXFileReference; lastKnownFileType = sourcecode.swift; path = AnalyticsFuelView.swift; sourceTree = "<group>"; };
		41C6E20B282CF49B00F756B5 /* AnalyticsOdometerView.swift */ = {isa = PBXFileReference; lastKnownFileType = sourcecode.swift; path = AnalyticsOdometerView.swift; sourceTree = "<group>"; };
		41C6E20D282D184400F756B5 /* Graph.swift */ = {isa = PBXFileReference; lastKnownFileType = sourcecode.swift; path = Graph.swift; sourceTree = "<group>"; };
		41C6E20F283185B200F756B5 /* CategoryViewModel.swift */ = {isa = PBXFileReference; lastKnownFileType = sourcecode.swift; path = CategoryViewModel.swift; sourceTree = "<group>"; };
		FF10676B282C03300077CCF7 /* OnboardingViewModel.swift */ = {isa = PBXFileReference; lastKnownFileType = sourcecode.swift; path = OnboardingViewModel.swift; sourceTree = "<group>"; };
		FF10676D282C03E20077CCF7 /* Pages.swift */ = {isa = PBXFileReference; lastKnownFileType = sourcecode.swift; path = Pages.swift; sourceTree = "<group>"; };
		FF106791282D36160077CCF7 /* HomeStyleView.swift */ = {isa = PBXFileReference; lastKnownFileType = sourcecode.swift; path = HomeStyleView.swift; sourceTree = "<group>"; };
		FF106793282D38960077CCF7 /* HeaderContentView.swift */ = {isa = PBXFileReference; lastKnownFileType = sourcecode.swift; path = HeaderContentView.swift; sourceTree = "<group>"; };
		FF14DC3128302CC300CA248B /* ImportantNumbersView.swift */ = {isa = PBXFileReference; lastKnownFileType = sourcecode.swift; path = ImportantNumbersView.swift; sourceTree = "<group>"; };
		FF192B09284A5C0400F2F71C /* Reminder+CoreDataClass.swift */ = {isa = PBXFileReference; lastKnownFileType = sourcecode.swift; path = "Reminder+CoreDataClass.swift"; sourceTree = "<group>"; };
		FF192B0A284A5C0400F2F71C /* Reminder+CoreDataProperties.swift */ = {isa = PBXFileReference; lastKnownFileType = sourcecode.swift; path = "Reminder+CoreDataProperties.swift"; sourceTree = "<group>"; };
		FF1AA1A22823F9C200AB61A2 /* Typography.swift */ = {isa = PBXFileReference; lastKnownFileType = sourcecode.swift; path = Typography.swift; sourceTree = "<group>"; };
		FF1AA1A42823FC0600AB61A2 /* Palette.swift */ = {isa = PBXFileReference; lastKnownFileType = sourcecode.swift; path = Palette.swift; sourceTree = "<group>"; };
		FF1AA1A62823FC4800AB61A2 /* ColorHexExt.swift */ = {isa = PBXFileReference; lastKnownFileType = sourcecode.swift; path = ColorHexExt.swift; sourceTree = "<group>"; };
		FF3616CA28290416002ADA33 /* AddExpenseViewModel.swift */ = {isa = PBXFileReference; lastKnownFileType = sourcecode.swift; path = AddExpenseViewModel.swift; sourceTree = "<group>"; };
		FF3616CC28290E61002ADA33 /* ExpenseListView.swift */ = {isa = PBXFileReference; lastKnownFileType = sourcecode.swift; path = ExpenseListView.swift; sourceTree = "<group>"; };
		FF3616CE28290F21002ADA33 /* ReminderListView.swift */ = {isa = PBXFileReference; lastKnownFileType = sourcecode.swift; path = ReminderListView.swift; sourceTree = "<group>"; };
		FF3616D028290F55002ADA33 /* OdometerListView.swift */ = {isa = PBXFileReference; lastKnownFileType = sourcecode.swift; path = OdometerListView.swift; sourceTree = "<group>"; };
		FF42ADCE2825131C00C66A84 /* CustomTabBarView.swift */ = {isa = PBXFileReference; lastKnownFileType = sourcecode.swift; path = CustomTabBarView.swift; sourceTree = "<group>"; };
		FF42ADD02825201A00C66A84 /* TabData.swift */ = {isa = PBXFileReference; lastKnownFileType = sourcecode.swift; path = TabData.swift; sourceTree = "<group>"; };
		FF42ADD2282520A200C66A84 /* TabAppearance.swift */ = {isa = PBXFileReference; lastKnownFileType = sourcecode.swift; path = TabAppearance.swift; sourceTree = "<group>"; };
		FF42ADD42825250A00C66A84 /* AnalyticsOverviewView.swift */ = {isa = PBXFileReference; lastKnownFileType = sourcecode.swift; path = AnalyticsOverviewView.swift; sourceTree = "<group>"; };
		FF42ADD62825251500C66A84 /* SettingsView.swift */ = {isa = PBXFileReference; lastKnownFileType = sourcecode.swift; path = SettingsView.swift; sourceTree = "<group>"; };
		FF4C4F3D2846518500926F4D /* EditEventView.swift */ = {isa = PBXFileReference; lastKnownFileType = sourcecode.swift; path = EditEventView.swift; sourceTree = "<group>"; };
		FF534EB1283643330089BE94 /* AlertsOnBoarding.swift */ = {isa = PBXFileReference; lastKnownFileType = sourcecode.swift; path = AlertsOnBoarding.swift; sourceTree = "<group>"; };
		FF5D5A2428299D0D006D5ABF /* OnboardingView.swift */ = {isa = PBXFileReference; lastKnownFileType = sourcecode.swift; path = OnboardingView.swift; sourceTree = "<group>"; };
		FF5F2C9D2823C4CD007980F3 /* Expense+CoreDataClass.swift */ = {isa = PBXFileReference; lastKnownFileType = sourcecode.swift; path = "Expense+CoreDataClass.swift"; sourceTree = "<group>"; };
		FF5F2C9E2823C4CD007980F3 /* Expense+CoreDataProperties.swift */ = {isa = PBXFileReference; lastKnownFileType = sourcecode.swift; path = "Expense+CoreDataProperties.swift"; sourceTree = "<group>"; };
		FF6773842A166DB900A6B959 /* ClearListBackgroundModifier.swift */ = {isa = PBXFileReference; lastKnownFileType = sourcecode.swift; path = ClearListBackgroundModifier.swift; sourceTree = "<group>"; };
		FF6773872A1741C200A6B959 /* CategoryRow.swift */ = {isa = PBXFileReference; lastKnownFileType = sourcecode.swift; path = CategoryRow.swift; sourceTree = "<group>"; };
		FF6773892A174B3100A6B959 /* ListRowSeparatorModifier.swift */ = {isa = PBXFileReference; lastKnownFileType = sourcecode.swift; path = ListRowSeparatorModifier.swift; sourceTree = "<group>"; };
		FF67738B2A1757E000A6B959 /* CustomList.swift */ = {isa = PBXFileReference; lastKnownFileType = sourcecode.swift; path = CustomList.swift; sourceTree = "<group>"; };
		FF7439AD28574C8E00E113CA /* ThemePickerView.swift */ = {isa = PBXFileReference; lastKnownFileType = sourcecode.swift; path = ThemePickerView.swift; sourceTree = "<group>"; };
		FF7C8AF2283F598900D2EEA2 /* Number+CoreDataClass.swift */ = {isa = PBXFileReference; lastKnownFileType = sourcecode.swift; path = "Number+CoreDataClass.swift"; sourceTree = "<group>"; };
		FF7C8AF3283F598900D2EEA2 /* Number+CoreDataProperties.swift */ = {isa = PBXFileReference; lastKnownFileType = sourcecode.swift; path = "Number+CoreDataProperties.swift"; sourceTree = "<group>"; };
		FF974B85283F4DE400C33576 /* VehicleModel.swift */ = {isa = PBXFileReference; lastKnownFileType = sourcecode.swift; path = VehicleModel.swift; sourceTree = "<group>"; };
		FF974B87283F4DF500C33576 /* ExpenseModel.swift */ = {isa = PBXFileReference; lastKnownFileType = sourcecode.swift; path = ExpenseModel.swift; sourceTree = "<group>"; };
		FF974B89283F4E6000C33576 /* WorkInProgressView.swift */ = {isa = PBXFileReference; lastKnownFileType = sourcecode.swift; path = WorkInProgressView.swift; sourceTree = "<group>"; };
		FF974B8B283F520D00C33576 /* NumberModel.swift */ = {isa = PBXFileReference; lastKnownFileType = sourcecode.swift; path = NumberModel.swift; sourceTree = "<group>"; };
		FFA0E714284FB684008B3ED9 /* SwipeBackGestureExt.swift */ = {isa = PBXFileReference; lastKnownFileType = sourcecode.swift; path = SwipeBackGestureExt.swift; sourceTree = "<group>"; };
		FFA0E71828533191008B3ED9 /* EditNumbers.swift */ = {isa = PBXFileReference; lastKnownFileType = sourcecode.swift; path = EditNumbers.swift; sourceTree = "<group>"; };
		FFA0E71A28535329008B3ED9 /* EditReminderView.swift */ = {isa = PBXFileReference; lastKnownFileType = sourcecode.swift; path = EditReminderView.swift; sourceTree = "<group>"; };
		FFA0E71C28553D15008B3ED9 /* ExpiredReminder.swift */ = {isa = PBXFileReference; lastKnownFileType = sourcecode.swift; path = ExpiredReminder.swift; sourceTree = "<group>"; };
		FFA0E71F28554495008B3ED9 /* DocumentView.swift */ = {isa = PBXFileReference; lastKnownFileType = sourcecode.swift; path = DocumentView.swift; sourceTree = "<group>"; };
		FFA0E721285548B1008B3ED9 /* PdfViewModel.swift */ = {isa = PBXFileReference; lastKnownFileType = sourcecode.swift; path = PdfViewModel.swift; sourceTree = "<group>"; };
		FFA0E72328554A96008B3ED9 /* PDFKitView.swift */ = {isa = PBXFileReference; lastKnownFileType = sourcecode.swift; path = PDFKitView.swift; sourceTree = "<group>"; };
		FFA0E72728555014008B3ED9 /* Document+CoreDataClass.swift */ = {isa = PBXFileReference; lastKnownFileType = sourcecode.swift; path = "Document+CoreDataClass.swift"; sourceTree = "<group>"; };
		FFA0E72828555014008B3ED9 /* Document+CoreDataProperties.swift */ = {isa = PBXFileReference; lastKnownFileType = sourcecode.swift; path = "Document+CoreDataProperties.swift"; sourceTree = "<group>"; };
		FFA9315C284A5DB900C8D73C /* ReminderModel.swift */ = {isa = PBXFileReference; lastKnownFileType = sourcecode.swift; path = ReminderModel.swift; sourceTree = "<group>"; };
		FFA9315F284A62B400C8D73C /* ReminderView.swift */ = {isa = PBXFileReference; lastKnownFileType = sourcecode.swift; path = ReminderView.swift; sourceTree = "<group>"; };
		FFA93161284A664800C8D73C /* AddReminderViewModel.swift */ = {isa = PBXFileReference; lastKnownFileType = sourcecode.swift; path = AddReminderViewModel.swift; sourceTree = "<group>"; };
		FFA93163284A829B00C8D73C /* NotificationManager.swift */ = {isa = PBXFileReference; lastKnownFileType = sourcecode.swift; path = NotificationManager.swift; sourceTree = "<group>"; };
		FFC52895282E4BE60013D8B6 /* HomeViewModel.swift */ = {isa = PBXFileReference; lastKnownFileType = sourcecode.swift; path = HomeViewModel.swift; sourceTree = "<group>"; };
		FFC52897282FB2A40013D8B6 /* BottomContentView.swift */ = {isa = PBXFileReference; lastKnownFileType = sourcecode.swift; path = BottomContentView.swift; sourceTree = "<group>"; };
		FFC52899282FB4430013D8B6 /* AlertAddNumbers.swift */ = {isa = PBXFileReference; lastKnownFileType = sourcecode.swift; path = AlertAddNumbers.swift; sourceTree = "<group>"; };
		FFC67B44283A2A920078B283 /* EditVehicleView.swift */ = {isa = PBXFileReference; lastKnownFileType = sourcecode.swift; path = EditVehicleView.swift; sourceTree = "<group>"; };
		FFCC308328252F5B00391BD5 /* AddReportView.swift */ = {isa = PBXFileReference; lastKnownFileType = sourcecode.swift; path = AddReportView.swift; sourceTree = "<group>"; };
		FFCC308528258B6C00391BD5 /* UtilityViewModel.swift */ = {isa = PBXFileReference; lastKnownFileType = sourcecode.swift; path = UtilityViewModel.swift; sourceTree = "<group>"; };
		FFD1224528588CB7004686CA /* GifView.swift */ = {isa = PBXFileReference; lastKnownFileType = sourcecode.swift; path = GifView.swift; sourceTree = "<group>"; };
		FFD12249285892DB004686CA /* loadingStats.gif */ = {isa = PBXFileReference; lastKnownFileType = image.gif; path = loadingStats.gif; sourceTree = "<group>"; };
		FFD1224B2858BD6C004686CA /* AboutView.swift */ = {isa = PBXFileReference; lastKnownFileType = sourcecode.swift; path = AboutView.swift; sourceTree = "<group>"; };
		FFD1224D2858BDB7004686CA /* aboutPlaceholder.gif */ = {isa = PBXFileReference; lastKnownFileType = image.gif; path = aboutPlaceholder.gif; sourceTree = "<group>"; };
		FFD1224F2858CB0D004686CA /* comingSoon.gif */ = {isa = PBXFileReference; lastKnownFileType = image.gif; path = comingSoon.gif; sourceTree = "<group>"; };
		FFD12251285E497B004686CA /* AllDocumentsView.swift */ = {isa = PBXFileReference; lastKnownFileType = sourcecode.swift; path = AllDocumentsView.swift; sourceTree = "<group>"; };
		FFDAA33C283FC68400145B35 /* DocumentModel.swift */ = {isa = PBXFileReference; lastKnownFileType = sourcecode.swift; path = DocumentModel.swift; sourceTree = "<group>"; };
		FFDAA33F283FE1A000145B35 /* TopBarView.swift */ = {isa = PBXFileReference; lastKnownFileType = sourcecode.swift; path = TopBarView.swift; sourceTree = "<group>"; };
		FFDF85592824104A00E0F9BF /* VehicleView.swift */ = {isa = PBXFileReference; lastKnownFileType = sourcecode.swift; path = VehicleView.swift; sourceTree = "<group>"; };
		FFDF855B282411FD00E0F9BF /* OldTabBarView.swift */ = {isa = PBXFileReference; lastKnownFileType = sourcecode.swift; path = OldTabBarView.swift; sourceTree = "<group>"; };
		FFFC3934282176F400F7E0A8 /* Vehicle+CoreDataClass.swift */ = {isa = PBXFileReference; lastKnownFileType = sourcecode.swift; path = "Vehicle+CoreDataClass.swift"; sourceTree = "<group>"; };
		FFFC3935282176F400F7E0A8 /* Vehicle+CoreDataProperties.swift */ = {isa = PBXFileReference; lastKnownFileType = sourcecode.swift; path = "Vehicle+CoreDataProperties.swift"; sourceTree = "<group>"; };
/* End PBXFileReference section */

/* Begin PBXFrameworksBuildPhase section */
		415D202828214180004AF201 /* Frameworks */ = {
			isa = PBXFrameworksBuildPhase;
			buildActionMask = 2147483647;
			files = (
			);
			runOnlyForDeploymentPostprocessing = 0;
		};
/* End PBXFrameworksBuildPhase section */

/* Begin PBXGroup section */
		03305E90285922F6001E52B7 /* Localizable */ = {
			isa = PBXGroup;
			children = (
				03305E9E28592590001E52B7 /* Localizable.strings */,
			);
			path = Localizable;
			sourceTree = "<group>";
		};
		415D202228214180004AF201 = {
			isa = PBXGroup;
			children = (
				415D202D28214180004AF201 /* Hurricane */,
				415D202C28214180004AF201 /* Products */,
			);
			sourceTree = "<group>";
		};
		415D202C28214180004AF201 /* Products */ = {
			isa = PBXGroup;
			children = (
				415D202B28214180004AF201 /* Hurricane.app */,
			);
			name = Products;
			sourceTree = "<group>";
		};
		415D202D28214180004AF201 /* Hurricane */ = {
			isa = PBXGroup;
			children = (
				03305EB5285A0A7D001E52B7 /* Info.plist */,
				03305E90285922F6001E52B7 /* Localizable */,
				FFD12249285892DB004686CA /* loadingStats.gif */,
				FFD1224D2858BDB7004686CA /* aboutPlaceholder.gif */,
				FFD1224F2858CB0D004686CA /* comingSoon.gif */,
				415D202E28214180004AF201 /* HurricaneApp.swift */,
				FF249C45282151A20062613A /* CoreData */,
				FF974B84283F4DBF00C33576 /* Model */,
				FF249C43282151690062613A /* ViewModel */,
				FF249C442821517C0062613A /* View */,
				FF1AA1A12823F99500AB61A2 /* DesignKit */,
				FF6773832A166D8E00A6B959 /* ViewModifier */,
				FF6773822A166AAA00A6B959 /* Extension */,
				415D203228214182004AF201 /* Assets.xcassets */,
				415D203428214182004AF201 /* Preview Content */,
			);
			path = Hurricane;
			sourceTree = "<group>";
		};
		415D203428214182004AF201 /* Preview Content */ = {
			isa = PBXGroup;
			children = (
				415D203528214182004AF201 /* Preview Assets.xcassets */,
			);
			path = "Preview Content";
			sourceTree = "<group>";
		};
		FF1AA19E2823D44900AB61A2 /* Vehicle */ = {
			isa = PBXGroup;
			children = (
				FFDF85592824104A00E0F9BF /* VehicleView.swift */,
				FF106791282D36160077CCF7 /* HomeStyleView.swift */,
				FFDAA33F283FE1A000145B35 /* TopBarView.swift */,
				FF106793282D38960077CCF7 /* HeaderContentView.swift */,
				FFC52897282FB2A40013D8B6 /* BottomContentView.swift */,
				FF4C4F3C28464D4700926F4D /* Last Events */,
				FFDAA33E283FE12B00145B35 /* Important numbers */,
				FF3616D2282926D6002ADA33 /* Add Report Modal */,
				FFA0E71E28554476008B3ED9 /* Documents */,
				FFA9315E284A62A000C8D73C /* Reminders */,
			);
			path = Vehicle;
			sourceTree = "<group>";
		};
		FF1AA19F2823D45300AB61A2 /* Statistics */ = {
			isa = PBXGroup;
			children = (
				FF42ADD42825250A00C66A84 /* AnalyticsOverviewView.swift */,
				41C6E207282CEE6100F756B5 /* AnalyticsCostView.swift */,
				41C6E209282CF47D00F756B5 /* AnalyticsFuelView.swift */,
				41C6E20B282CF49B00F756B5 /* AnalyticsOdometerView.swift */,
				415773F7283BEBF800B20FA1 /* StatisticsViewModel.swift */,
				41C6E20D282D184400F756B5 /* Graph.swift */,
				FFD1224528588CB7004686CA /* GifView.swift */,
			);
			path = Statistics;
			sourceTree = "<group>";
		};
		FF1AA1A02823D47D00AB61A2 /* Settings */ = {
			isa = PBXGroup;
			children = (
				FF42ADD62825251500C66A84 /* SettingsView.swift */,
				FF7439AD28574C8E00E113CA /* ThemePickerView.swift */,
				FFC67B44283A2A920078B283 /* EditVehicleView.swift */,
				FFD1224B2858BD6C004686CA /* AboutView.swift */,
				030A39932858D43E00218628 /* TermsOfService.html */,
				030A39912858D36500218628 /* HTML View.swift */,
			);
			path = Settings;
			sourceTree = "<group>";
		};
		FF1AA1A12823F99500AB61A2 /* DesignKit */ = {
			isa = PBXGroup;
			children = (
				FF1AA1A22823F9C200AB61A2 /* Typography.swift */,
				FF1AA1A42823FC0600AB61A2 /* Palette.swift */,
			);
			path = DesignKit;
			sourceTree = "<group>";
		};
		FF249C43282151690062613A /* ViewModel */ = {
			isa = PBXGroup;
			children = (
				FFC52895282E4BE60013D8B6 /* HomeViewModel.swift */,
				FFCC308528258B6C00391BD5 /* UtilityViewModel.swift */,
				FF3616CA28290416002ADA33 /* AddExpenseViewModel.swift */,
				415D2041282145FE004AF201 /* DataViewModel.swift */,
				FFA0E721285548B1008B3ED9 /* PdfViewModel.swift */,
				41176DA82834DCC3000FD885 /* FuelViewModel.swift */,
				41C6E20F283185B200F756B5 /* CategoryViewModel.swift */,
				FFA93161284A664800C8D73C /* AddReminderViewModel.swift */,
				FFA93163284A829B00C8D73C /* NotificationManager.swift */,
			);
			path = ViewModel;
			sourceTree = "<group>";
		};
		FF249C442821517C0062613A /* View */ = {
			isa = PBXGroup;
			children = (
				FF6773862A1740C700A6B959 /* Components */,
				FF1AA19E2823D44900AB61A2 /* Vehicle */,
				FF1AA19F2823D45300AB61A2 /* Statistics */,
				FF1AA1A02823D47D00AB61A2 /* Settings */,
				FF5D5A2328299757006D5ABF /* OnBoarding */,
				FFDF855D282512CE00E0F9BF /* CustomTabBar */,
				FFC67B432838DC320078B283 /* Other */,
			);
			path = View;
			sourceTree = "<group>";
		};
		FF249C45282151A20062613A /* CoreData */ = {
			isa = PBXGroup;
			children = (
				FF5F2C9D2823C4CD007980F3 /* Expense+CoreDataClass.swift */,
				FF5F2C9E2823C4CD007980F3 /* Expense+CoreDataProperties.swift */,
				FFFC3934282176F400F7E0A8 /* Vehicle+CoreDataClass.swift */,
				FFFC3935282176F400F7E0A8 /* Vehicle+CoreDataProperties.swift */,
				FF7C8AF2283F598900D2EEA2 /* Number+CoreDataClass.swift */,
				FF7C8AF3283F598900D2EEA2 /* Number+CoreDataProperties.swift */,
				FF192B09284A5C0400F2F71C /* Reminder+CoreDataClass.swift */,
				FF192B0A284A5C0400F2F71C /* Reminder+CoreDataProperties.swift */,
				FFA0E72728555014008B3ED9 /* Document+CoreDataClass.swift */,
				FFA0E72828555014008B3ED9 /* Document+CoreDataProperties.swift */,
				415D203F282144CE004AF201 /* CoreDataManager.swift */,
				415D203C28214215004AF201 /* CarModel.xcdatamodeld */,
			);
			path = CoreData;
			sourceTree = "<group>";
		};
		FF3616D2282926D6002ADA33 /* Add Report Modal */ = {
			isa = PBXGroup;
			children = (
				FFCC308328252F5B00391BD5 /* AddReportView.swift */,
				FF3616CC28290E61002ADA33 /* ExpenseListView.swift */,
				FF3616D028290F55002ADA33 /* OdometerListView.swift */,
				FF3616CE28290F21002ADA33 /* ReminderListView.swift */,
			);
			path = "Add Report Modal";
			sourceTree = "<group>";
		};
		FF4C4F3C28464D4700926F4D /* Last Events */ = {
			isa = PBXGroup;
			children = (
				FF4C4F3D2846518500926F4D /* EditEventView.swift */,
				416D26C72848B1EB00E4ECD6 /* LastEventsListView.swift */,
			);
			path = "Last Events";
			sourceTree = "<group>";
		};
		FF5D5A2328299757006D5ABF /* OnBoarding */ = {
			isa = PBXGroup;
			children = (
				FF5D5A2428299D0D006D5ABF /* OnboardingView.swift */,
				FF10676D282C03E20077CCF7 /* Pages.swift */,
				FF534EB1283643330089BE94 /* AlertsOnBoarding.swift */,
				FF10676B282C03300077CCF7 /* OnboardingViewModel.swift */,
			);
			path = OnBoarding;
			sourceTree = "<group>";
		};
		FF6773822A166AAA00A6B959 /* Extension */ = {
			isa = PBXGroup;
			children = (
				FF1AA1A62823FC4800AB61A2 /* ColorHexExt.swift */,
				FFA0E714284FB684008B3ED9 /* SwipeBackGestureExt.swift */,
			);
			path = Extension;
			sourceTree = "<group>";
		};
		FF6773832A166D8E00A6B959 /* ViewModifier */ = {
			isa = PBXGroup;
			children = (
				FF6773842A166DB900A6B959 /* ClearListBackgroundModifier.swift */,
				FF6773892A174B3100A6B959 /* ListRowSeparatorModifier.swift */,
			);
			path = ViewModifier;
			sourceTree = "<group>";
		};
		FF6773862A1740C700A6B959 /* Components */ = {
			isa = PBXGroup;
			children = (
				FF6773872A1741C200A6B959 /* CategoryRow.swift */,
				FF67738B2A1757E000A6B959 /* CustomList.swift */,
			);
			name = Components;
			path = ../Components;
			sourceTree = "<group>";
		};
		FF974B84283F4DBF00C33576 /* Model */ = {
			isa = PBXGroup;
			children = (
				FF974B85283F4DE400C33576 /* VehicleModel.swift */,
				FF974B87283F4DF500C33576 /* ExpenseModel.swift */,
				FF974B8B283F520D00C33576 /* NumberModel.swift */,
				FFDAA33C283FC68400145B35 /* DocumentModel.swift */,
				FFA9315C284A5DB900C8D73C /* ReminderModel.swift */,
			);
			path = Model;
			sourceTree = "<group>";
		};
		FFA0E71E28554476008B3ED9 /* Documents */ = {
			isa = PBXGroup;
			children = (
				FFA0E72328554A96008B3ED9 /* PDFKitView.swift */,
				FFA0E71F28554495008B3ED9 /* DocumentView.swift */,
				FFD12251285E497B004686CA /* AllDocumentsView.swift */,
			);
			path = Documents;
			sourceTree = "<group>";
		};
		FFA9315E284A62A000C8D73C /* Reminders */ = {
			isa = PBXGroup;
			children = (
				FFA0E71A28535329008B3ED9 /* EditReminderView.swift */,
				FFA0E71C28553D15008B3ED9 /* ExpiredReminder.swift */,
				FFA9315F284A62B400C8D73C /* ReminderView.swift */,
			);
			path = Reminders;
			sourceTree = "<group>";
		};
		FFC67B432838DC320078B283 /* Other */ = {
			isa = PBXGroup;
			children = (
				FF974B89283F4E6000C33576 /* WorkInProgressView.swift */,
			);
			path = Other;
			sourceTree = "<group>";
		};
		FFDAA33E283FE12B00145B35 /* Important numbers */ = {
			isa = PBXGroup;
			children = (
				FF14DC3128302CC300CA248B /* ImportantNumbersView.swift */,
				FFC52899282FB4430013D8B6 /* AlertAddNumbers.swift */,
				FFA0E71828533191008B3ED9 /* EditNumbers.swift */,
			);
			path = "Important numbers";
			sourceTree = "<group>";
		};
		FFDF855D282512CE00E0F9BF /* CustomTabBar */ = {
			isa = PBXGroup;
			children = (
				FFDF855B282411FD00E0F9BF /* OldTabBarView.swift */,
				FF42ADCE2825131C00C66A84 /* CustomTabBarView.swift */,
				FF42ADD2282520A200C66A84 /* TabAppearance.swift */,
				FF42ADD02825201A00C66A84 /* TabData.swift */,
			);
			path = CustomTabBar;
			sourceTree = "<group>";
		};
/* End PBXGroup section */

/* Begin PBXNativeTarget section */
		415D202A28214180004AF201 /* Hurricane */ = {
			isa = PBXNativeTarget;
			buildConfigurationList = 415D203928214182004AF201 /* Build configuration list for PBXNativeTarget "Hurricane" */;
			buildPhases = (
				FF333146297E9C7400077A8D /* ShellScript */,
				FF333147297E9CF700077A8D /* Run Script */,
				415D202728214180004AF201 /* Sources */,
				415D202828214180004AF201 /* Frameworks */,
				415D202928214180004AF201 /* Resources */,
			);
			buildRules = (
			);
			dependencies = (
			);
			name = Hurricane;
			packageProductDependencies = (
			);
			productName = Hurricane;
			productReference = 415D202B28214180004AF201 /* Hurricane.app */;
			productType = "com.apple.product-type.application";
		};
/* End PBXNativeTarget section */

/* Begin PBXProject section */
		415D202328214180004AF201 /* Project object */ = {
			isa = PBXProject;
			attributes = {
				BuildIndependentTargetsInParallel = 1;
				LastSwiftUpdateCheck = 1330;
				LastUpgradeCheck = 1400;
				TargetAttributes = {
					415D202A28214180004AF201 = {
						CreatedOnToolsVersion = 13.3.1;
					};
				};
			};
			buildConfigurationList = 415D202628214180004AF201 /* Build configuration list for PBXProject "Hurricane" */;
			compatibilityVersion = "Xcode 13.0";
			developmentRegion = en;
			hasScannedForEncodings = 0;
			knownRegions = (
				en,
				Base,
				it,
				"en-GB",
			);
			mainGroup = 415D202228214180004AF201;
			packageReferences = (
			);
			productRefGroup = 415D202C28214180004AF201 /* Products */;
			projectDirPath = "";
			projectRoot = "";
			targets = (
				415D202A28214180004AF201 /* Hurricane */,
			);
		};
/* End PBXProject section */

/* Begin PBXResourcesBuildPhase section */
		415D202928214180004AF201 /* Resources */ = {
			isa = PBXResourcesBuildPhase;
			buildActionMask = 2147483647;
			files = (
				FFD1224A285892DB004686CA /* loadingStats.gif in Resources */,
				415D203628214182004AF201 /* Preview Assets.xcassets in Resources */,
				415D203328214182004AF201 /* Assets.xcassets in Resources */,
				FFD122502858CB0D004686CA /* comingSoon.gif in Resources */,
				FFD1224E2858BDB8004686CA /* aboutPlaceholder.gif in Resources */,
				030A39942858D43E00218628 /* TermsOfService.html in Resources */,
				03305E9C28592590001E52B7 /* Localizable.strings in Resources */,
			);
			runOnlyForDeploymentPostprocessing = 0;
		};
/* End PBXResourcesBuildPhase section */

/* Begin PBXShellScriptBuildPhase section */
		FF333146297E9C7400077A8D /* ShellScript */ = {
			isa = PBXShellScriptBuildPhase;
			alwaysOutOfDate = 1;
			buildActionMask = 2147483647;
			files = (
			);
			inputFileListPaths = (
			);
			inputPaths = (
			);
			outputFileListPaths = (
			);
			outputPaths = (
			);
			runOnlyForDeploymentPostprocessing = 0;
			shellPath = /bin/sh;
			shellScript = "# Type a script or drag a script file from your workspace to insert its path.\n\nif test -d \"/opt/homebrew/bin/\"; then\n  PATH=\"/opt/homebrew/bin/:${PATH}\"\nfi\n\nexport PATH\n\nif which swiftformat >/dev/null; then\n  swiftformat .\nelse\n  echo \"warning: SwiftFormat not installed, download from https://github.com/nicklockwood/SwiftFormat\"\nfi\n";
		};
		FF333147297E9CF700077A8D /* Run Script */ = {
			isa = PBXShellScriptBuildPhase;
			alwaysOutOfDate = 1;
			buildActionMask = 2147483647;
			files = (
			);
			inputFileListPaths = (
			);
			inputPaths = (
			);
			name = "Run Script";
			outputFileListPaths = (
			);
			outputPaths = (
			);
			runOnlyForDeploymentPostprocessing = 0;
			shellPath = /bin/sh;
			shellScript = "# Type a script or drag a script file from your workspace to insert its path.\n\nif test -d \"/opt/homebrew/bin/\"; then\n  PATH=\"/opt/homebrew/bin/:${PATH}\"\nfi\n\nexport PATH\n\nif which swiftlint >/dev/null; then\n  swiftlint\nelse\n  echo \"warning: SwiftLint not installed, download from https://github.com/realm/SwiftLint\"\nfi\n";
		};
/* End PBXShellScriptBuildPhase section */

/* Begin PBXSourcesBuildPhase section */
		415D202728214180004AF201 /* Sources */ = {
			isa = PBXSourcesBuildPhase;
			buildActionMask = 2147483647;
			files = (
				FFA0E71B28535329008B3ED9 /* EditReminderView.swift in Sources */,
				FFA93162284A664800C8D73C /* AddReminderViewModel.swift in Sources */,
				FF3616CF28290F21002ADA33 /* ReminderListView.swift in Sources */,
				FFFC3936282176F400F7E0A8 /* Vehicle+CoreDataClass.swift in Sources */,
				FF974B8C283F520D00C33576 /* NumberModel.swift in Sources */,
				FF4C4F3E2846518500926F4D /* EditEventView.swift in Sources */,
				FFC5289A282FB4430013D8B6 /* AlertAddNumbers.swift in Sources */,
				FFDAA33D283FC68400145B35 /* DocumentModel.swift in Sources */,
				FF6773852A166DB900A6B959 /* ClearListBackgroundModifier.swift in Sources */,
				FF5D5A2528299D0D006D5ABF /* OnboardingView.swift in Sources */,
				FFDF855A2824104A00E0F9BF /* VehicleView.swift in Sources */,
				FFA0E72C28555014008B3ED9 /* Document+CoreDataProperties.swift in Sources */,
				FF7C8AF5283F598900D2EEA2 /* Number+CoreDataProperties.swift in Sources */,
				FFA0E71D28553D15008B3ED9 /* ExpiredReminder.swift in Sources */,
				FFA9315D284A5DB900C8D73C /* ReminderModel.swift in Sources */,
				41C6E20C282CF49B00F756B5 /* AnalyticsOdometerView.swift in Sources */,
				FF6773882A1741C200A6B959 /* CategoryRow.swift in Sources */,
				FFA0E72028554495008B3ED9 /* DocumentView.swift in Sources */,
				FF974B88283F4DF500C33576 /* ExpenseModel.swift in Sources */,
				FF7439AE28574C8E00E113CA /* ThemePickerView.swift in Sources */,
				FFD1224C2858BD6C004686CA /* AboutView.swift in Sources */,
				FFDAA340283FE1A000145B35 /* TopBarView.swift in Sources */,
				FF14DC3228302CC300CA248B /* ImportantNumbersView.swift in Sources */,
				415D203E28214216004AF201 /* CarModel.xcdatamodeld in Sources */,
				FF1AA1A72823FC4800AB61A2 /* ColorHexExt.swift in Sources */,
				FFA93160284A62B400C8D73C /* ReminderView.swift in Sources */,
				FFC67B45283A2A920078B283 /* EditVehicleView.swift in Sources */,
				FF974B86283F4DE400C33576 /* VehicleModel.swift in Sources */,
				FF3616CB28290416002ADA33 /* AddExpenseViewModel.swift in Sources */,
				FFCC308428252F5B00391BD5 /* AddReportView.swift in Sources */,
				FF42ADCF2825131C00C66A84 /* CustomTabBarView.swift in Sources */,
				41C6E210283185B200F756B5 /* CategoryViewModel.swift in Sources */,
				FF42ADD72825251500C66A84 /* SettingsView.swift in Sources */,
				415773F8283BEBF800B20FA1 /* StatisticsViewModel.swift in Sources */,
				FF192B0C284A5C0400F2F71C /* Reminder+CoreDataProperties.swift in Sources */,
				FF42ADD3282520A300C66A84 /* TabAppearance.swift in Sources */,
				FF3616D128290F55002ADA33 /* OdometerListView.swift in Sources */,
				FF192B0B284A5C0400F2F71C /* Reminder+CoreDataClass.swift in Sources */,
				FF5F2C9F2823C4CD007980F3 /* Expense+CoreDataClass.swift in Sources */,
				FF1AA1A52823FC0600AB61A2 /* Palette.swift in Sources */,
				FF974B8A283F4E6000C33576 /* WorkInProgressView.swift in Sources */,
				FFA93164284A829B00C8D73C /* NotificationManager.swift in Sources */,
				FF67738A2A174B3100A6B959 /* ListRowSeparatorModifier.swift in Sources */,
				030A39922858D36500218628 /* HTML View.swift in Sources */,
				41C6E20A282CF47D00F756B5 /* AnalyticsFuelView.swift in Sources */,
				FFD1224628588CB7004686CA /* GifView.swift in Sources */,
				41C6E20E282D184400F756B5 /* Graph.swift in Sources */,
				FF534EB2283643330089BE94 /* AlertsOnBoarding.swift in Sources */,
				FFA0E72B28555014008B3ED9 /* Document+CoreDataClass.swift in Sources */,
				FF14DC30282FCA1F00CA248B /* HomeViewModel.swift in Sources */,
				FF106794282D38970077CCF7 /* HeaderContentView.swift in Sources */,
				415D2042282145FE004AF201 /* DataViewModel.swift in Sources */,
				FF42ADD12825201A00C66A84 /* TabData.swift in Sources */,
				FF106792282D36160077CCF7 /* HomeStyleView.swift in Sources */,
				FFD12252285E497B004686CA /* AllDocumentsView.swift in Sources */,
				41176DA92834DCC3000FD885 /* FuelViewModel.swift in Sources */,
				FF7C8AF4283F598900D2EEA2 /* Number+CoreDataClass.swift in Sources */,
				415D2040282144CE004AF201 /* CoreDataManager.swift in Sources */,
				FF10676E282C03E20077CCF7 /* Pages.swift in Sources */,
				FFA0E722285548B1008B3ED9 /* PdfViewModel.swift in Sources */,
				415D202F28214180004AF201 /* HurricaneApp.swift in Sources */,
				FFCC308628258B6C00391BD5 /* UtilityViewModel.swift in Sources */,
				FF42ADD52825250B00C66A84 /* AnalyticsOverviewView.swift in Sources */,
				FFFC3937282176F400F7E0A8 /* Vehicle+CoreDataProperties.swift in Sources */,
				FFA0E71928533191008B3ED9 /* EditNumbers.swift in Sources */,
				FFA0E715284FB684008B3ED9 /* SwipeBackGestureExt.swift in Sources */,
				FFC52898282FB2A50013D8B6 /* BottomContentView.swift in Sources */,
				FF10676C282C03300077CCF7 /* OnboardingViewModel.swift in Sources */,
				FF1AA1A32823F9C200AB61A2 /* Typography.swift in Sources */,
				FF3616CD28290E61002ADA33 /* ExpenseListView.swift in Sources */,
				41C6E208282CEE6100F756B5 /* AnalyticsCostView.swift in Sources */,
				FF5F2CA02823C4CD007980F3 /* Expense+CoreDataProperties.swift in Sources */,
				FFDF855C282411FD00E0F9BF /* OldTabBarView.swift in Sources */,
				FFA0E72428554A96008B3ED9 /* PDFKitView.swift in Sources */,
				FF67738C2A1757E000A6B959 /* CustomList.swift in Sources */,
				416D26C82848B1EB00E4ECD6 /* LastEventsListView.swift in Sources */,
			);
			runOnlyForDeploymentPostprocessing = 0;
		};
/* End PBXSourcesBuildPhase section */

/* Begin PBXVariantGroup section */
		03305E9E28592590001E52B7 /* Localizable.strings */ = {
			isa = PBXVariantGroup;
			children = (
				03305E9D28592590001E52B7 /* en-GB */,
				03305EAA28593380001E52B7 /* it */,
				03305EAB2859339D001E52B7 /* en */,
			);
			name = Localizable.strings;
			sourceTree = "<group>";
		};
		03305EB5285A0A7D001E52B7 /* Info.plist */ = {
			isa = PBXVariantGroup;
			children = (
				03305EB4285A0A7D001E52B7 /* Base */,
				03305EBA285A0C66001E52B7 /* it */,
			);
			name = Info.plist;
			sourceTree = "<group>";
		};
/* End PBXVariantGroup section */

/* Begin XCBuildConfiguration section */
		415D203728214182004AF201 /* Debug */ = {
			isa = XCBuildConfiguration;
			buildSettings = {
				ALWAYS_SEARCH_USER_PATHS = NO;
				CLANG_ANALYZER_LOCALIZABILITY_NONLOCALIZED = YES;
				CLANG_ANALYZER_NONNULL = YES;
				CLANG_ANALYZER_NUMBER_OBJECT_CONVERSION = YES_AGGRESSIVE;
				CLANG_CXX_LANGUAGE_STANDARD = "gnu++17";
				CLANG_ENABLE_MODULES = YES;
				CLANG_ENABLE_OBJC_ARC = YES;
				CLANG_ENABLE_OBJC_WEAK = YES;
				CLANG_WARN_BLOCK_CAPTURE_AUTORELEASING = YES;
				CLANG_WARN_BOOL_CONVERSION = YES;
				CLANG_WARN_COMMA = YES;
				CLANG_WARN_CONSTANT_CONVERSION = YES;
				CLANG_WARN_DEPRECATED_OBJC_IMPLEMENTATIONS = YES;
				CLANG_WARN_DIRECT_OBJC_ISA_USAGE = YES_ERROR;
				CLANG_WARN_DOCUMENTATION_COMMENTS = YES;
				CLANG_WARN_EMPTY_BODY = YES;
				CLANG_WARN_ENUM_CONVERSION = YES;
				CLANG_WARN_INFINITE_RECURSION = YES;
				CLANG_WARN_INT_CONVERSION = YES;
				CLANG_WARN_NON_LITERAL_NULL_CONVERSION = YES;
				CLANG_WARN_OBJC_IMPLICIT_RETAIN_SELF = YES;
				CLANG_WARN_OBJC_LITERAL_CONVERSION = YES;
				CLANG_WARN_OBJC_ROOT_CLASS = YES_ERROR;
				CLANG_WARN_QUOTED_INCLUDE_IN_FRAMEWORK_HEADER = YES;
				CLANG_WARN_RANGE_LOOP_ANALYSIS = YES;
				CLANG_WARN_STRICT_PROTOTYPES = YES;
				CLANG_WARN_SUSPICIOUS_MOVE = YES;
				CLANG_WARN_UNGUARDED_AVAILABILITY = YES_AGGRESSIVE;
				CLANG_WARN_UNREACHABLE_CODE = YES;
				CLANG_WARN__DUPLICATE_METHOD_MATCH = YES;
				COPY_PHASE_STRIP = NO;
				DEBUG_INFORMATION_FORMAT = dwarf;
				ENABLE_STRICT_OBJC_MSGSEND = YES;
				ENABLE_TESTABILITY = YES;
				GCC_C_LANGUAGE_STANDARD = gnu11;
				GCC_DYNAMIC_NO_PIC = NO;
				GCC_NO_COMMON_BLOCKS = YES;
				GCC_OPTIMIZATION_LEVEL = 0;
				GCC_PREPROCESSOR_DEFINITIONS = (
					"DEBUG=1",
					"$(inherited)",
				);
				GCC_WARN_64_TO_32_BIT_CONVERSION = YES;
				GCC_WARN_ABOUT_RETURN_TYPE = YES_ERROR;
				GCC_WARN_UNDECLARED_SELECTOR = YES;
				GCC_WARN_UNINITIALIZED_AUTOS = YES_AGGRESSIVE;
				GCC_WARN_UNUSED_FUNCTION = YES;
				GCC_WARN_UNUSED_VARIABLE = YES;
				IPHONEOS_DEPLOYMENT_TARGET = 15.4;
				MTL_ENABLE_DEBUG_INFO = INCLUDE_SOURCE;
				MTL_FAST_MATH = YES;
				ONLY_ACTIVE_ARCH = YES;
				SDKROOT = iphoneos;
				SWIFT_ACTIVE_COMPILATION_CONDITIONS = DEBUG;
				SWIFT_OPTIMIZATION_LEVEL = "-Onone";
				SWIFT_VERSION = 5.0;
			};
			name = Debug;
		};
		415D203828214182004AF201 /* Release */ = {
			isa = XCBuildConfiguration;
			buildSettings = {
				ALWAYS_SEARCH_USER_PATHS = NO;
				CLANG_ANALYZER_LOCALIZABILITY_NONLOCALIZED = YES;
				CLANG_ANALYZER_NONNULL = YES;
				CLANG_ANALYZER_NUMBER_OBJECT_CONVERSION = YES_AGGRESSIVE;
				CLANG_CXX_LANGUAGE_STANDARD = "gnu++17";
				CLANG_ENABLE_MODULES = YES;
				CLANG_ENABLE_OBJC_ARC = YES;
				CLANG_ENABLE_OBJC_WEAK = YES;
				CLANG_WARN_BLOCK_CAPTURE_AUTORELEASING = YES;
				CLANG_WARN_BOOL_CONVERSION = YES;
				CLANG_WARN_COMMA = YES;
				CLANG_WARN_CONSTANT_CONVERSION = YES;
				CLANG_WARN_DEPRECATED_OBJC_IMPLEMENTATIONS = YES;
				CLANG_WARN_DIRECT_OBJC_ISA_USAGE = YES_ERROR;
				CLANG_WARN_DOCUMENTATION_COMMENTS = YES;
				CLANG_WARN_EMPTY_BODY = YES;
				CLANG_WARN_ENUM_CONVERSION = YES;
				CLANG_WARN_INFINITE_RECURSION = YES;
				CLANG_WARN_INT_CONVERSION = YES;
				CLANG_WARN_NON_LITERAL_NULL_CONVERSION = YES;
				CLANG_WARN_OBJC_IMPLICIT_RETAIN_SELF = YES;
				CLANG_WARN_OBJC_LITERAL_CONVERSION = YES;
				CLANG_WARN_OBJC_ROOT_CLASS = YES_ERROR;
				CLANG_WARN_QUOTED_INCLUDE_IN_FRAMEWORK_HEADER = YES;
				CLANG_WARN_RANGE_LOOP_ANALYSIS = YES;
				CLANG_WARN_STRICT_PROTOTYPES = YES;
				CLANG_WARN_SUSPICIOUS_MOVE = YES;
				CLANG_WARN_UNGUARDED_AVAILABILITY = YES_AGGRESSIVE;
				CLANG_WARN_UNREACHABLE_CODE = YES;
				CLANG_WARN__DUPLICATE_METHOD_MATCH = YES;
				COPY_PHASE_STRIP = NO;
				DEBUG_INFORMATION_FORMAT = "dwarf-with-dsym";
				ENABLE_NS_ASSERTIONS = NO;
				ENABLE_STRICT_OBJC_MSGSEND = YES;
				GCC_C_LANGUAGE_STANDARD = gnu11;
				GCC_NO_COMMON_BLOCKS = YES;
				GCC_WARN_64_TO_32_BIT_CONVERSION = YES;
				GCC_WARN_ABOUT_RETURN_TYPE = YES_ERROR;
				GCC_WARN_UNDECLARED_SELECTOR = YES;
				GCC_WARN_UNINITIALIZED_AUTOS = YES_AGGRESSIVE;
				GCC_WARN_UNUSED_FUNCTION = YES;
				GCC_WARN_UNUSED_VARIABLE = YES;
				IPHONEOS_DEPLOYMENT_TARGET = 15.4;
				MTL_ENABLE_DEBUG_INFO = NO;
				MTL_FAST_MATH = YES;
				SDKROOT = iphoneos;
				SWIFT_COMPILATION_MODE = wholemodule;
				SWIFT_OPTIMIZATION_LEVEL = "-O";
				SWIFT_VERSION = 5.0;
				VALIDATE_PRODUCT = YES;
			};
			name = Release;
		};
		415D203A28214182004AF201 /* Debug */ = {
			isa = XCBuildConfiguration;
			buildSettings = {
				ASSETCATALOG_COMPILER_APPICON_NAME = AppIcon;
				ASSETCATALOG_COMPILER_GLOBAL_ACCENT_COLOR_NAME = AccentColor;
				CODE_SIGN_IDENTITY = "Apple Development";
				CODE_SIGN_STYLE = Automatic;
				CURRENT_PROJECT_VERSION = 8;
				DEVELOPMENT_ASSET_PATHS = "\"Hurricane/Preview Content\"";
				DEVELOPMENT_TEAM = 55H4ABU399;
				ENABLE_PREVIEWS = YES;
				GENERATE_INFOPLIST_FILE = YES;
				INFOPLIST_FILE = Hurricane/Base.lproj/Info.plist;
				INFOPLIST_KEY_CFBundleDisplayName = Pitstop;
				INFOPLIST_KEY_UIApplicationSceneManifest_Generation = YES;
				INFOPLIST_KEY_UIApplicationSupportsIndirectInputEvents = YES;
				INFOPLIST_KEY_UILaunchScreen_Generation = YES;
				INFOPLIST_KEY_UISupportedInterfaceOrientations = UIInterfaceOrientationPortrait;
				INFOPLIST_KEY_UISupportedInterfaceOrientations_iPad = UIInterfaceOrientationPortrait;
				INFOPLIST_KEY_UISupportedInterfaceOrientations_iPhone = UIInterfaceOrientationPortrait;
				IPHONEOS_DEPLOYMENT_TARGET = 15.2;
				LD_RUNPATH_SEARCH_PATHS = (
					"$(inherited)",
					"@executable_path/Frameworks",
				);
				MARKETING_VERSION = 1.1;
				PRODUCT_BUNDLE_IDENTIFIER = com.academy.pitstopD;
				PRODUCT_NAME = "$(TARGET_NAME)";
				PROVISIONING_PROFILE_SPECIFIER = "";
				SWIFT_EMIT_LOC_STRINGS = YES;
				SWIFT_VERSION = 5.0;
				TARGETED_DEVICE_FAMILY = 1;
			};
			name = Debug;
		};
		415D203B28214182004AF201 /* Release */ = {
			isa = XCBuildConfiguration;
			buildSettings = {
				ASSETCATALOG_COMPILER_APPICON_NAME = AppIcon;
				ASSETCATALOG_COMPILER_GLOBAL_ACCENT_COLOR_NAME = AccentColor;
				CODE_SIGN_IDENTITY = "Apple Development";
				CODE_SIGN_STYLE = Automatic;
				CURRENT_PROJECT_VERSION = 8;
				DEVELOPMENT_ASSET_PATHS = "\"Hurricane/Preview Content\"";
				DEVELOPMENT_TEAM = 55H4ABU399;
				ENABLE_PREVIEWS = YES;
				GENERATE_INFOPLIST_FILE = YES;
				INFOPLIST_FILE = Hurricane/Base.lproj/Info.plist;
				INFOPLIST_KEY_CFBundleDisplayName = Pitstop;
				INFOPLIST_KEY_UIApplicationSceneManifest_Generation = YES;
				INFOPLIST_KEY_UIApplicationSupportsIndirectInputEvents = YES;
				INFOPLIST_KEY_UILaunchScreen_Generation = YES;
				INFOPLIST_KEY_UISupportedInterfaceOrientations = UIInterfaceOrientationPortrait;
				INFOPLIST_KEY_UISupportedInterfaceOrientations_iPad = UIInterfaceOrientationPortrait;
				INFOPLIST_KEY_UISupportedInterfaceOrientations_iPhone = UIInterfaceOrientationPortrait;
				IPHONEOS_DEPLOYMENT_TARGET = 15.2;
				LD_RUNPATH_SEARCH_PATHS = (
					"$(inherited)",
					"@executable_path/Frameworks",
				);
				MARKETING_VERSION = 1.1;
				PRODUCT_BUNDLE_IDENTIFIER = com.academy.pitstopD;
				PRODUCT_NAME = "$(TARGET_NAME)";
				PROVISIONING_PROFILE_SPECIFIER = "";
				SWIFT_EMIT_LOC_STRINGS = YES;
				SWIFT_VERSION = 5.0;
				TARGETED_DEVICE_FAMILY = 1;
			};
			name = Release;
		};
/* End XCBuildConfiguration section */

/* Begin XCConfigurationList section */
		415D202628214180004AF201 /* Build configuration list for PBXProject "Hurricane" */ = {
			isa = XCConfigurationList;
			buildConfigurations = (
				415D203728214182004AF201 /* Debug */,
				415D203828214182004AF201 /* Release */,
			);
			defaultConfigurationIsVisible = 0;
			defaultConfigurationName = Release;
		};
		415D203928214182004AF201 /* Build configuration list for PBXNativeTarget "Hurricane" */ = {
			isa = XCConfigurationList;
			buildConfigurations = (
				415D203A28214182004AF201 /* Debug */,
				415D203B28214182004AF201 /* Release */,
			);
			defaultConfigurationIsVisible = 0;
			defaultConfigurationName = Release;
		};
/* End XCConfigurationList section */

/* Begin XCVersionGroup section */
		415D203C28214215004AF201 /* CarModel.xcdatamodeld */ = {
			isa = XCVersionGroup;
			children = (
				415D203D28214216004AF201 /* CarModel.xcdatamodel */,
			);
			currentVersion = 415D203D28214216004AF201 /* CarModel.xcdatamodel */;
			path = CarModel.xcdatamodeld;
			sourceTree = "<group>";
			versionGroupType = wrapper.xcdatamodel;
		};
/* End XCVersionGroup section */
	};
	rootObject = 415D202328214180004AF201 /* Project object */;
}
