// !$*UTF8*$!
{
	archiveVersion = 1;
	classes = {
	};
	objectVersion = 55;
	objects = {

/* Begin PBXBuildFile section */
		415D202F28214180004AF201 /* HurricaneApp.swift in Sources */ = {isa = PBXBuildFile; fileRef = 415D202E28214180004AF201 /* HurricaneApp.swift */; };
		415D203128214180004AF201 /* ContentView.swift in Sources */ = {isa = PBXBuildFile; fileRef = 415D203028214180004AF201 /* ContentView.swift */; };
		415D203328214182004AF201 /* Assets.xcassets in Resources */ = {isa = PBXBuildFile; fileRef = 415D203228214182004AF201 /* Assets.xcassets */; };
		415D203628214182004AF201 /* Preview Assets.xcassets in Resources */ = {isa = PBXBuildFile; fileRef = 415D203528214182004AF201 /* Preview Assets.xcassets */; };
		415D203E28214216004AF201 /* CarModel.xcdatamodeld in Sources */ = {isa = PBXBuildFile; fileRef = 415D203C28214215004AF201 /* CarModel.xcdatamodeld */; };
		415D2040282144CE004AF201 /* CoreDataManager.swift in Sources */ = {isa = PBXBuildFile; fileRef = 415D203F282144CE004AF201 /* CoreDataManager.swift */; };
		415D2042282145FE004AF201 /* DataViewModel.swift in Sources */ = {isa = PBXBuildFile; fileRef = 415D2041282145FE004AF201 /* DataViewModel.swift */; };
		41C6E1F62823E4C800F756B5 /* ContentView2.swift in Sources */ = {isa = PBXBuildFile; fileRef = 41C6E1F52823E4C800F756B5 /* ContentView2.swift */; };
		41C6E1FC28251B0100F756B5 /* ContentView3.swift in Sources */ = {isa = PBXBuildFile; fileRef = 41C6E1FB28251B0100F756B5 /* ContentView3.swift */; };
		41C6E20228266C8200F756B5 /* ExpenseView.swift in Sources */ = {isa = PBXBuildFile; fileRef = 41C6E20128266C8200F756B5 /* ExpenseView.swift */; };
		41C6E204282A751000F756B5 /* Practice.swift in Sources */ = {isa = PBXBuildFile; fileRef = 41C6E203282A751000F756B5 /* Practice.swift */; };
		FF1AA1A32823F9C200AB61A2 /* Typography.swift in Sources */ = {isa = PBXBuildFile; fileRef = FF1AA1A22823F9C200AB61A2 /* Typography.swift */; };
		FF1AA1A52823FC0600AB61A2 /* Palette.swift in Sources */ = {isa = PBXBuildFile; fileRef = FF1AA1A42823FC0600AB61A2 /* Palette.swift */; };
		FF1AA1A72823FC4800AB61A2 /* extensionColor.swift in Sources */ = {isa = PBXBuildFile; fileRef = FF1AA1A62823FC4800AB61A2 /* extensionColor.swift */; };
		FF3616CB28290416002ADA33 /* AddExpenseViewModel.swift in Sources */ = {isa = PBXBuildFile; fileRef = FF3616CA28290416002ADA33 /* AddExpenseViewModel.swift */; };
		FF3616CD28290E61002ADA33 /* ExpenseListView.swift in Sources */ = {isa = PBXBuildFile; fileRef = FF3616CC28290E61002ADA33 /* ExpenseListView.swift */; };
		FF3616CF28290F21002ADA33 /* ReminderListView.swift in Sources */ = {isa = PBXBuildFile; fileRef = FF3616CE28290F21002ADA33 /* ReminderListView.swift */; };
		FF3616D128290F55002ADA33 /* OdometerListView.swift in Sources */ = {isa = PBXBuildFile; fileRef = FF3616D028290F55002ADA33 /* OdometerListView.swift */; };
		FF3616D528292A26002ADA33 /* AnimationMainScreen.swift in Sources */ = {isa = PBXBuildFile; fileRef = FF3616D428292A26002ADA33 /* AnimationMainScreen.swift */; };
		FF42ADCF2825131C00C66A84 /* CustomTabBarView.swift in Sources */ = {isa = PBXBuildFile; fileRef = FF42ADCE2825131C00C66A84 /* CustomTabBarView.swift */; };
		FF42ADD12825201A00C66A84 /* TabData.swift in Sources */ = {isa = PBXBuildFile; fileRef = FF42ADD02825201A00C66A84 /* TabData.swift */; };
		FF42ADD3282520A300C66A84 /* TabAppearance.swift in Sources */ = {isa = PBXBuildFile; fileRef = FF42ADD2282520A200C66A84 /* TabAppearance.swift */; };
		FF42ADD52825250B00C66A84 /* StatsView.swift in Sources */ = {isa = PBXBuildFile; fileRef = FF42ADD42825250A00C66A84 /* StatsView.swift */; };
		FF42ADD72825251500C66A84 /* SettingsView.swift in Sources */ = {isa = PBXBuildFile; fileRef = FF42ADD62825251500C66A84 /* SettingsView.swift */; };
		FF5D5A2528299D0D006D5ABF /* OnboardingView.swift in Sources */ = {isa = PBXBuildFile; fileRef = FF5D5A2428299D0D006D5ABF /* OnboardingView.swift */; };
		FF5F2C9F2823C4CD007980F3 /* Expense+CoreDataClass.swift in Sources */ = {isa = PBXBuildFile; fileRef = FF5F2C9D2823C4CD007980F3 /* Expense+CoreDataClass.swift */; };
		FF5F2CA02823C4CD007980F3 /* Expense+CoreDataProperties.swift in Sources */ = {isa = PBXBuildFile; fileRef = FF5F2C9E2823C4CD007980F3 /* Expense+CoreDataProperties.swift */; };
		FFCC308428252F5B00391BD5 /* AddReportView.swift in Sources */ = {isa = PBXBuildFile; fileRef = FFCC308328252F5B00391BD5 /* AddReportView.swift */; };
		FFCC308628258B6C00391BD5 /* UtilityViewModel.swift in Sources */ = {isa = PBXBuildFile; fileRef = FFCC308528258B6C00391BD5 /* UtilityViewModel.swift */; };
		FFDF855A2824104A00E0F9BF /* MainView.swift in Sources */ = {isa = PBXBuildFile; fileRef = FFDF85592824104A00E0F9BF /* MainView.swift */; };
		FFDF855C282411FD00E0F9BF /* OldTabBarView.swift in Sources */ = {isa = PBXBuildFile; fileRef = FFDF855B282411FD00E0F9BF /* OldTabBarView.swift */; };
		FFFC3936282176F400F7E0A8 /* Vehicle+CoreDataClass.swift in Sources */ = {isa = PBXBuildFile; fileRef = FFFC3934282176F400F7E0A8 /* Vehicle+CoreDataClass.swift */; };
		FFFC3937282176F400F7E0A8 /* Vehicle+CoreDataProperties.swift in Sources */ = {isa = PBXBuildFile; fileRef = FFFC3935282176F400F7E0A8 /* Vehicle+CoreDataProperties.swift */; };
/* End PBXBuildFile section */

/* Begin PBXFileReference section */
		415D202B28214180004AF201 /* Hurricane.app */ = {isa = PBXFileReference; explicitFileType = wrapper.application; includeInIndex = 0; path = Hurricane.app; sourceTree = BUILT_PRODUCTS_DIR; };
		415D202E28214180004AF201 /* HurricaneApp.swift */ = {isa = PBXFileReference; lastKnownFileType = sourcecode.swift; path = HurricaneApp.swift; sourceTree = "<group>"; };
		415D203028214180004AF201 /* ContentView.swift */ = {isa = PBXFileReference; lastKnownFileType = sourcecode.swift; path = ContentView.swift; sourceTree = "<group>"; };
		415D203228214182004AF201 /* Assets.xcassets */ = {isa = PBXFileReference; lastKnownFileType = folder.assetcatalog; path = Assets.xcassets; sourceTree = "<group>"; };
		415D203528214182004AF201 /* Preview Assets.xcassets */ = {isa = PBXFileReference; lastKnownFileType = folder.assetcatalog; path = "Preview Assets.xcassets"; sourceTree = "<group>"; };
		415D203D28214216004AF201 /* CarModel.xcdatamodel */ = {isa = PBXFileReference; lastKnownFileType = wrapper.xcdatamodel; path = CarModel.xcdatamodel; sourceTree = "<group>"; };
		415D203F282144CE004AF201 /* CoreDataManager.swift */ = {isa = PBXFileReference; lastKnownFileType = sourcecode.swift; path = CoreDataManager.swift; sourceTree = "<group>"; };
		415D2041282145FE004AF201 /* DataViewModel.swift */ = {isa = PBXFileReference; lastKnownFileType = sourcecode.swift; path = DataViewModel.swift; sourceTree = "<group>"; };
		41C6E1F52823E4C800F756B5 /* ContentView2.swift */ = {isa = PBXFileReference; lastKnownFileType = sourcecode.swift; path = ContentView2.swift; sourceTree = "<group>"; };
		41C6E1FB28251B0100F756B5 /* ContentView3.swift */ = {isa = PBXFileReference; lastKnownFileType = sourcecode.swift; path = ContentView3.swift; sourceTree = "<group>"; };
		41C6E20128266C8200F756B5 /* ExpenseView.swift */ = {isa = PBXFileReference; lastKnownFileType = sourcecode.swift; path = ExpenseView.swift; sourceTree = "<group>"; };
		41C6E203282A751000F756B5 /* Practice.swift */ = {isa = PBXFileReference; lastKnownFileType = sourcecode.swift; path = Practice.swift; sourceTree = "<group>"; };
		FF1AA1A22823F9C200AB61A2 /* Typography.swift */ = {isa = PBXFileReference; lastKnownFileType = sourcecode.swift; path = Typography.swift; sourceTree = "<group>"; };
		FF1AA1A42823FC0600AB61A2 /* Palette.swift */ = {isa = PBXFileReference; lastKnownFileType = sourcecode.swift; path = Palette.swift; sourceTree = "<group>"; };
		FF1AA1A62823FC4800AB61A2 /* extensionColor.swift */ = {isa = PBXFileReference; lastKnownFileType = sourcecode.swift; path = extensionColor.swift; sourceTree = "<group>"; };
		FF3616CA28290416002ADA33 /* AddExpenseViewModel.swift */ = {isa = PBXFileReference; lastKnownFileType = sourcecode.swift; path = AddExpenseViewModel.swift; sourceTree = "<group>"; };
		FF3616CC28290E61002ADA33 /* ExpenseListView.swift */ = {isa = PBXFileReference; lastKnownFileType = sourcecode.swift; path = ExpenseListView.swift; sourceTree = "<group>"; };
		FF3616CE28290F21002ADA33 /* ReminderListView.swift */ = {isa = PBXFileReference; lastKnownFileType = sourcecode.swift; path = ReminderListView.swift; sourceTree = "<group>"; };
		FF3616D028290F55002ADA33 /* OdometerListView.swift */ = {isa = PBXFileReference; lastKnownFileType = sourcecode.swift; path = OdometerListView.swift; sourceTree = "<group>"; };
		FF3616D428292A26002ADA33 /* AnimationMainScreen.swift */ = {isa = PBXFileReference; lastKnownFileType = sourcecode.swift; path = AnimationMainScreen.swift; sourceTree = "<group>"; };
		FF42ADCE2825131C00C66A84 /* CustomTabBarView.swift */ = {isa = PBXFileReference; lastKnownFileType = sourcecode.swift; path = CustomTabBarView.swift; sourceTree = "<group>"; };
		FF42ADD02825201A00C66A84 /* TabData.swift */ = {isa = PBXFileReference; lastKnownFileType = sourcecode.swift; path = TabData.swift; sourceTree = "<group>"; };
		FF42ADD2282520A200C66A84 /* TabAppearance.swift */ = {isa = PBXFileReference; lastKnownFileType = sourcecode.swift; path = TabAppearance.swift; sourceTree = "<group>"; };
		FF42ADD42825250A00C66A84 /* StatsView.swift */ = {isa = PBXFileReference; lastKnownFileType = sourcecode.swift; path = StatsView.swift; sourceTree = "<group>"; };
		FF42ADD62825251500C66A84 /* SettingsView.swift */ = {isa = PBXFileReference; lastKnownFileType = sourcecode.swift; path = SettingsView.swift; sourceTree = "<group>"; };
		FF5D5A2428299D0D006D5ABF /* OnboardingView.swift */ = {isa = PBXFileReference; lastKnownFileType = sourcecode.swift; path = OnboardingView.swift; sourceTree = "<group>"; };
		FF5D5A262829AE2F006D5ABF /* Info.plist */ = {isa = PBXFileReference; lastKnownFileType = text.plist; path = Info.plist; sourceTree = "<group>"; };
		FF5F2C9D2823C4CD007980F3 /* Expense+CoreDataClass.swift */ = {isa = PBXFileReference; lastKnownFileType = sourcecode.swift; path = "Expense+CoreDataClass.swift"; sourceTree = "<group>"; };
		FF5F2C9E2823C4CD007980F3 /* Expense+CoreDataProperties.swift */ = {isa = PBXFileReference; lastKnownFileType = sourcecode.swift; path = "Expense+CoreDataProperties.swift"; sourceTree = "<group>"; };
		FFCC308328252F5B00391BD5 /* AddReportView.swift */ = {isa = PBXFileReference; lastKnownFileType = sourcecode.swift; path = AddReportView.swift; sourceTree = "<group>"; };
		FFCC308528258B6C00391BD5 /* UtilityViewModel.swift */ = {isa = PBXFileReference; lastKnownFileType = sourcecode.swift; path = UtilityViewModel.swift; sourceTree = "<group>"; };
		FFDF85592824104A00E0F9BF /* MainView.swift */ = {isa = PBXFileReference; lastKnownFileType = sourcecode.swift; path = MainView.swift; sourceTree = "<group>"; };
		FFDF855B282411FD00E0F9BF /* OldTabBarView.swift */ = {isa = PBXFileReference; lastKnownFileType = sourcecode.swift; path = OldTabBarView.swift; sourceTree = "<group>"; };
		FFFC3934282176F400F7E0A8 /* Vehicle+CoreDataClass.swift */ = {isa = PBXFileReference; lastKnownFileType = sourcecode.swift; path = "Vehicle+CoreDataClass.swift"; sourceTree = "<group>"; };
		FFFC3935282176F400F7E0A8 /* Vehicle+CoreDataProperties.swift */ = {isa = PBXFileReference; lastKnownFileType = sourcecode.swift; path = "Vehicle+CoreDataProperties.swift"; sourceTree = "<group>"; };
/* End PBXFileReference section */

/* Begin PBXFrameworksBuildPhase section */
		415D202828214180004AF201 /* Frameworks */ = {
			isa = PBXFrameworksBuildPhase;
			buildActionMask = 2147483647;
			files = (
			);
			runOnlyForDeploymentPostprocessing = 0;
		};
/* End PBXFrameworksBuildPhase section */

/* Begin PBXGroup section */
		415D202228214180004AF201 = {
			isa = PBXGroup;
			children = (
				415D202D28214180004AF201 /* Hurricane */,
				415D202C28214180004AF201 /* Products */,
			);
			sourceTree = "<group>";
		};
		415D202C28214180004AF201 /* Products */ = {
			isa = PBXGroup;
			children = (
				415D202B28214180004AF201 /* Hurricane.app */,
			);
			name = Products;
			sourceTree = "<group>";
		};
		415D202D28214180004AF201 /* Hurricane */ = {
			isa = PBXGroup;
			children = (
				FF5D5A262829AE2F006D5ABF /* Info.plist */,
				415D202E28214180004AF201 /* HurricaneApp.swift */,
				FF249C45282151A20062613A /* CoreData */,
				FF249C43282151690062613A /* ViewModel */,
				FF249C442821517C0062613A /* View */,
				FF1AA1A12823F99500AB61A2 /* DesignKit */,
				415D203228214182004AF201 /* Assets.xcassets */,
				415D203428214182004AF201 /* Preview Content */,
			);
			path = Hurricane;
			sourceTree = "<group>";
		};
		415D203428214182004AF201 /* Preview Content */ = {
			isa = PBXGroup;
			children = (
				415D203528214182004AF201 /* Preview Assets.xcassets */,
			);
			path = "Preview Content";
			sourceTree = "<group>";
		};
		FF1AA19E2823D44900AB61A2 /* Vehicle */ = {
			isa = PBXGroup;
			children = (
				FFDF85592824104A00E0F9BF /* MainView.swift */,
				FF3616D2282926D6002ADA33 /* Add Report Modal */,
				415D203028214180004AF201 /* ContentView.swift */,
				41C6E1F52823E4C800F756B5 /* ContentView2.swift */,
				41C6E1FB28251B0100F756B5 /* ContentView3.swift */,
				41C6E203282A751000F756B5 /* Practice.swift */,
				FF3616D428292A26002ADA33 /* AnimationMainScreen.swift */,
				41C6E20128266C8200F756B5 /* ExpenseView.swift */,
			);
			path = Vehicle;
			sourceTree = "<group>";
		};
		FF1AA19F2823D45300AB61A2 /* Statistics */ = {
			isa = PBXGroup;
			children = (
				FF42ADD42825250A00C66A84 /* StatsView.swift */,
			);
			path = Statistics;
			sourceTree = "<group>";
		};
		FF1AA1A02823D47D00AB61A2 /* Settings */ = {
			isa = PBXGroup;
			children = (
				FF42ADD62825251500C66A84 /* SettingsView.swift */,
			);
			path = Settings;
			sourceTree = "<group>";
		};
		FF1AA1A12823F99500AB61A2 /* DesignKit */ = {
			isa = PBXGroup;
			children = (
				FF1AA1A22823F9C200AB61A2 /* Typography.swift */,
				FF1AA1A42823FC0600AB61A2 /* Palette.swift */,
				FF1AA1A62823FC4800AB61A2 /* extensionColor.swift */,
			);
			path = DesignKit;
			sourceTree = "<group>";
		};
		FF249C43282151690062613A /* ViewModel */ = {
			isa = PBXGroup;
			children = (
				415D2041282145FE004AF201 /* DataViewModel.swift */,
				FFCC308528258B6C00391BD5 /* UtilityViewModel.swift */,
				FF3616CA28290416002ADA33 /* AddExpenseViewModel.swift */,
			);
			path = ViewModel;
			sourceTree = "<group>";
		};
		FF249C442821517C0062613A /* View */ = {
			isa = PBXGroup;
			children = (
				FFDF855D282512CE00E0F9BF /* CustomTabBar */,
				FF5D5A2328299757006D5ABF /* OnBoarding */,
				FF1AA19E2823D44900AB61A2 /* Vehicle */,
				FF1AA19F2823D45300AB61A2 /* Statistics */,
				FF1AA1A02823D47D00AB61A2 /* Settings */,
			);
			path = View;
			sourceTree = "<group>";
		};
		FF249C45282151A20062613A /* CoreData */ = {
			isa = PBXGroup;
			children = (
				FF5F2C9D2823C4CD007980F3 /* Expense+CoreDataClass.swift */,
				FF5F2C9E2823C4CD007980F3 /* Expense+CoreDataProperties.swift */,
				FFFC3934282176F400F7E0A8 /* Vehicle+CoreDataClass.swift */,
				FFFC3935282176F400F7E0A8 /* Vehicle+CoreDataProperties.swift */,
				415D203F282144CE004AF201 /* CoreDataManager.swift */,
				415D203C28214215004AF201 /* CarModel.xcdatamodeld */,
			);
			path = CoreData;
			sourceTree = "<group>";
		};
		FF3616D2282926D6002ADA33 /* Add Report Modal */ = {
			isa = PBXGroup;
			children = (
				FFCC308328252F5B00391BD5 /* AddReportView.swift */,
				FF3616CC28290E61002ADA33 /* ExpenseListView.swift */,
				FF3616D028290F55002ADA33 /* OdometerListView.swift */,
				FF3616CE28290F21002ADA33 /* ReminderListView.swift */,
			);
			path = "Add Report Modal";
			sourceTree = "<group>";
		};
		FF5D5A2328299757006D5ABF /* OnBoarding */ = {
			isa = PBXGroup;
			children = (
				FF5D5A2428299D0D006D5ABF /* OnboardingView.swift */,
			);
			path = OnBoarding;
			sourceTree = "<group>";
		};
		FFDF855D282512CE00E0F9BF /* CustomTabBar */ = {
			isa = PBXGroup;
			children = (
				FFDF855B282411FD00E0F9BF /* OldTabBarView.swift */,
				FF42ADCE2825131C00C66A84 /* CustomTabBarView.swift */,
				FF42ADD2282520A200C66A84 /* TabAppearance.swift */,
				FF42ADD02825201A00C66A84 /* TabData.swift */,
			);
			path = CustomTabBar;
			sourceTree = "<group>";
		};
/* End PBXGroup section */

/* Begin PBXNativeTarget section */
		415D202A28214180004AF201 /* Hurricane */ = {
			isa = PBXNativeTarget;
			buildConfigurationList = 415D203928214182004AF201 /* Build configuration list for PBXNativeTarget "Hurricane" */;
			buildPhases = (
				415D202728214180004AF201 /* Sources */,
				415D202828214180004AF201 /* Frameworks */,
				415D202928214180004AF201 /* Resources */,
			);
			buildRules = (
			);
			dependencies = (
			);
			name = Hurricane;
			productName = Hurricane;
			productReference = 415D202B28214180004AF201 /* Hurricane.app */;
			productType = "com.apple.product-type.application";
		};
/* End PBXNativeTarget section */

/* Begin PBXProject section */
		415D202328214180004AF201 /* Project object */ = {
			isa = PBXProject;
			attributes = {
				BuildIndependentTargetsInParallel = 1;
				LastSwiftUpdateCheck = 1330;
				LastUpgradeCheck = 1330;
				TargetAttributes = {
					415D202A28214180004AF201 = {
						CreatedOnToolsVersion = 13.3.1;
					};
				};
			};
			buildConfigurationList = 415D202628214180004AF201 /* Build configuration list for PBXProject "Hurricane" */;
			compatibilityVersion = "Xcode 13.0";
			developmentRegion = en;
			hasScannedForEncodings = 0;
			knownRegions = (
				en,
				Base,
			);
			mainGroup = 415D202228214180004AF201;
			productRefGroup = 415D202C28214180004AF201 /* Products */;
			projectDirPath = "";
			projectRoot = "";
			targets = (
				415D202A28214180004AF201 /* Hurricane */,
			);
		};
/* End PBXProject section */

/* Begin PBXResourcesBuildPhase section */
		415D202928214180004AF201 /* Resources */ = {
			isa = PBXResourcesBuildPhase;
			buildActionMask = 2147483647;
			files = (
				415D203628214182004AF201 /* Preview Assets.xcassets in Resources */,
				415D203328214182004AF201 /* Assets.xcassets in Resources */,
			);
			runOnlyForDeploymentPostprocessing = 0;
		};
/* End PBXResourcesBuildPhase section */

/* Begin PBXSourcesBuildPhase section */
		415D202728214180004AF201 /* Sources */ = {
			isa = PBXSourcesBuildPhase;
			buildActionMask = 2147483647;
			files = (
				FF3616CF28290F21002ADA33 /* ReminderListView.swift in Sources */,
				41C6E20228266C8200F756B5 /* ExpenseView.swift in Sources */,
				FFFC3936282176F400F7E0A8 /* Vehicle+CoreDataClass.swift in Sources */,
				FF5D5A2528299D0D006D5ABF /* OnboardingView.swift in Sources */,
				FFDF855A2824104A00E0F9BF /* MainView.swift in Sources */,
				415D203E28214216004AF201 /* CarModel.xcdatamodeld in Sources */,
				FF1AA1A72823FC4800AB61A2 /* extensionColor.swift in Sources */,
				FF3616CB28290416002ADA33 /* AddExpenseViewModel.swift in Sources */,
				FFCC308428252F5B00391BD5 /* AddReportView.swift in Sources */,
				FF42ADCF2825131C00C66A84 /* CustomTabBarView.swift in Sources */,
				FF42ADD72825251500C66A84 /* SettingsView.swift in Sources */,
				FF42ADD3282520A300C66A84 /* TabAppearance.swift in Sources */,
				FF3616D128290F55002ADA33 /* OdometerListView.swift in Sources */,
				FF5F2C9F2823C4CD007980F3 /* Expense+CoreDataClass.swift in Sources */,
				FF1AA1A52823FC0600AB61A2 /* Palette.swift in Sources */,
				41C6E1FC28251B0100F756B5 /* ContentView3.swift in Sources */,
				41C6E1F62823E4C800F756B5 /* ContentView2.swift in Sources */,
				415D203128214180004AF201 /* ContentView.swift in Sources */,
				415D2042282145FE004AF201 /* DataViewModel.swift in Sources */,
				FF42ADD12825201A00C66A84 /* TabData.swift in Sources */,
				415D2040282144CE004AF201 /* CoreDataManager.swift in Sources */,
				FF3616D528292A26002ADA33 /* AnimationMainScreen.swift in Sources */,
				415D202F28214180004AF201 /* HurricaneApp.swift in Sources */,
				FFCC308628258B6C00391BD5 /* UtilityViewModel.swift in Sources */,
				FF42ADD52825250B00C66A84 /* StatsView.swift in Sources */,
				FFFC3937282176F400F7E0A8 /* Vehicle+CoreDataProperties.swift in Sources */,
				FF1AA1A32823F9C200AB61A2 /* Typography.swift in Sources */,
				FF3616CD28290E61002ADA33 /* ExpenseListView.swift in Sources */,
				FF5F2CA02823C4CD007980F3 /* Expense+CoreDataProperties.swift in Sources */,
				41C6E204282A751000F756B5 /* Practice.swift in Sources */,
				FFDF855C282411FD00E0F9BF /* OldTabBarView.swift in Sources */,
			);
			runOnlyForDeploymentPostprocessing = 0;
		};
/* End PBXSourcesBuildPhase section */

/* Begin XCBuildConfiguration section */
		415D203728214182004AF201 /* Debug */ = {
			isa = XCBuildConfiguration;
			buildSettings = {
				ALWAYS_SEARCH_USER_PATHS = NO;
				CLANG_ANALYZER_NONNULL = YES;
				CLANG_ANALYZER_NUMBER_OBJECT_CONVERSION = YES_AGGRESSIVE;
				CLANG_CXX_LANGUAGE_STANDARD = "gnu++17";
				CLANG_ENABLE_MODULES = YES;
				CLANG_ENABLE_OBJC_ARC = YES;
				CLANG_ENABLE_OBJC_WEAK = YES;
				CLANG_WARN_BLOCK_CAPTURE_AUTORELEASING = YES;
				CLANG_WARN_BOOL_CONVERSION = YES;
				CLANG_WARN_COMMA = YES;
				CLANG_WARN_CONSTANT_CONVERSION = YES;
				CLANG_WARN_DEPRECATED_OBJC_IMPLEMENTATIONS = YES;
				CLANG_WARN_DIRECT_OBJC_ISA_USAGE = YES_ERROR;
				CLANG_WARN_DOCUMENTATION_COMMENTS = YES;
				CLANG_WARN_EMPTY_BODY = YES;
				CLANG_WARN_ENUM_CONVERSION = YES;
				CLANG_WARN_INFINITE_RECURSION = YES;
				CLANG_WARN_INT_CONVERSION = YES;
				CLANG_WARN_NON_LITERAL_NULL_CONVERSION = YES;
				CLANG_WARN_OBJC_IMPLICIT_RETAIN_SELF = YES;
				CLANG_WARN_OBJC_LITERAL_CONVERSION = YES;
				CLANG_WARN_OBJC_ROOT_CLASS = YES_ERROR;
				CLANG_WARN_QUOTED_INCLUDE_IN_FRAMEWORK_HEADER = YES;
				CLANG_WARN_RANGE_LOOP_ANALYSIS = YES;
				CLANG_WARN_STRICT_PROTOTYPES = YES;
				CLANG_WARN_SUSPICIOUS_MOVE = YES;
				CLANG_WARN_UNGUARDED_AVAILABILITY = YES_AGGRESSIVE;
				CLANG_WARN_UNREACHABLE_CODE = YES;
				CLANG_WARN__DUPLICATE_METHOD_MATCH = YES;
				COPY_PHASE_STRIP = NO;
				DEBUG_INFORMATION_FORMAT = dwarf;
				ENABLE_STRICT_OBJC_MSGSEND = YES;
				ENABLE_TESTABILITY = YES;
				GCC_C_LANGUAGE_STANDARD = gnu11;
				GCC_DYNAMIC_NO_PIC = NO;
				GCC_NO_COMMON_BLOCKS = YES;
				GCC_OPTIMIZATION_LEVEL = 0;
				GCC_PREPROCESSOR_DEFINITIONS = (
					"DEBUG=1",
					"$(inherited)",
				);
				GCC_WARN_64_TO_32_BIT_CONVERSION = YES;
				GCC_WARN_ABOUT_RETURN_TYPE = YES_ERROR;
				GCC_WARN_UNDECLARED_SELECTOR = YES;
				GCC_WARN_UNINITIALIZED_AUTOS = YES_AGGRESSIVE;
				GCC_WARN_UNUSED_FUNCTION = YES;
				GCC_WARN_UNUSED_VARIABLE = YES;
				IPHONEOS_DEPLOYMENT_TARGET = 15.4;
				MTL_ENABLE_DEBUG_INFO = INCLUDE_SOURCE;
				MTL_FAST_MATH = YES;
				ONLY_ACTIVE_ARCH = YES;
				SDKROOT = iphoneos;
				SWIFT_ACTIVE_COMPILATION_CONDITIONS = DEBUG;
				SWIFT_OPTIMIZATION_LEVEL = "-Onone";
			};
			name = Debug;
		};
		415D203828214182004AF201 /* Release */ = {
			isa = XCBuildConfiguration;
			buildSettings = {
				ALWAYS_SEARCH_USER_PATHS = NO;
				CLANG_ANALYZER_NONNULL = YES;
				CLANG_ANALYZER_NUMBER_OBJECT_CONVERSION = YES_AGGRESSIVE;
				CLANG_CXX_LANGUAGE_STANDARD = "gnu++17";
				CLANG_ENABLE_MODULES = YES;
				CLANG_ENABLE_OBJC_ARC = YES;
				CLANG_ENABLE_OBJC_WEAK = YES;
				CLANG_WARN_BLOCK_CAPTURE_AUTORELEASING = YES;
				CLANG_WARN_BOOL_CONVERSION = YES;
				CLANG_WARN_COMMA = YES;
				CLANG_WARN_CONSTANT_CONVERSION = YES;
				CLANG_WARN_DEPRECATED_OBJC_IMPLEMENTATIONS = YES;
				CLANG_WARN_DIRECT_OBJC_ISA_USAGE = YES_ERROR;
				CLANG_WARN_DOCUMENTATION_COMMENTS = YES;
				CLANG_WARN_EMPTY_BODY = YES;
				CLANG_WARN_ENUM_CONVERSION = YES;
				CLANG_WARN_INFINITE_RECURSION = YES;
				CLANG_WARN_INT_CONVERSION = YES;
				CLANG_WARN_NON_LITERAL_NULL_CONVERSION = YES;
				CLANG_WARN_OBJC_IMPLICIT_RETAIN_SELF = YES;
				CLANG_WARN_OBJC_LITERAL_CONVERSION = YES;
				CLANG_WARN_OBJC_ROOT_CLASS = YES_ERROR;
				CLANG_WARN_QUOTED_INCLUDE_IN_FRAMEWORK_HEADER = YES;
				CLANG_WARN_RANGE_LOOP_ANALYSIS = YES;
				CLANG_WARN_STRICT_PROTOTYPES = YES;
				CLANG_WARN_SUSPICIOUS_MOVE = YES;
				CLANG_WARN_UNGUARDED_AVAILABILITY = YES_AGGRESSIVE;
				CLANG_WARN_UNREACHABLE_CODE = YES;
				CLANG_WARN__DUPLICATE_METHOD_MATCH = YES;
				COPY_PHASE_STRIP = NO;
				DEBUG_INFORMATION_FORMAT = "dwarf-with-dsym";
				ENABLE_NS_ASSERTIONS = NO;
				ENABLE_STRICT_OBJC_MSGSEND = YES;
				GCC_C_LANGUAGE_STANDARD = gnu11;
				GCC_NO_COMMON_BLOCKS = YES;
				GCC_WARN_64_TO_32_BIT_CONVERSION = YES;
				GCC_WARN_ABOUT_RETURN_TYPE = YES_ERROR;
				GCC_WARN_UNDECLARED_SELECTOR = YES;
				GCC_WARN_UNINITIALIZED_AUTOS = YES_AGGRESSIVE;
				GCC_WARN_UNUSED_FUNCTION = YES;
				GCC_WARN_UNUSED_VARIABLE = YES;
				IPHONEOS_DEPLOYMENT_TARGET = 15.4;
				MTL_ENABLE_DEBUG_INFO = NO;
				MTL_FAST_MATH = YES;
				SDKROOT = iphoneos;
				SWIFT_COMPILATION_MODE = wholemodule;
				SWIFT_OPTIMIZATION_LEVEL = "-O";
				VALIDATE_PRODUCT = YES;
			};
			name = Release;
		};
		415D203A28214182004AF201 /* Debug */ = {
			isa = XCBuildConfiguration;
			buildSettings = {
				ASSETCATALOG_COMPILER_APPICON_NAME = AppIcon;
				ASSETCATALOG_COMPILER_GLOBAL_ACCENT_COLOR_NAME = AccentColor;
				CODE_SIGN_STYLE = Automatic;
				CURRENT_PROJECT_VERSION = 1;
				DEVELOPMENT_ASSET_PATHS = "\"Hurricane/Preview Content\"";
				DEVELOPMENT_TEAM = 55H4ABU399;
				ENABLE_PREVIEWS = YES;
				GENERATE_INFOPLIST_FILE = YES;
				INFOPLIST_FILE = Hurricane/Info.plist;
				INFOPLIST_KEY_UIApplicationSceneManifest_Generation = YES;
				INFOPLIST_KEY_UIApplicationSupportsIndirectInputEvents = YES;
				INFOPLIST_KEY_UILaunchScreen_Generation = YES;
				INFOPLIST_KEY_UISupportedInterfaceOrientations = UIInterfaceOrientationPortrait;
				INFOPLIST_KEY_UISupportedInterfaceOrientations_iPad = "UIInterfaceOrientationPortrait UIInterfaceOrientationPortraitUpsideDown UIInterfaceOrientationLandscapeLeft UIInterfaceOrientationLandscapeRight";
				INFOPLIST_KEY_UISupportedInterfaceOrientations_iPhone = "UIInterfaceOrientationPortrait UIInterfaceOrientationLandscapeLeft UIInterfaceOrientationLandscapeRight";
				LD_RUNPATH_SEARCH_PATHS = (
					"$(inherited)",
					"@executable_path/Frameworks",
				);
				MARKETING_VERSION = 1.0;
				PRODUCT_BUNDLE_IDENTIFIER = trustIT.Hurricane;
				PRODUCT_NAME = "$(TARGET_NAME)";
				SWIFT_EMIT_LOC_STRINGS = YES;
				SWIFT_VERSION = 5.0;
				TARGETED_DEVICE_FAMILY = 1;
			};
			name = Debug;
		};
		415D203B28214182004AF201 /* Release */ = {
			isa = XCBuildConfiguration;
			buildSettings = {
				ASSETCATALOG_COMPILER_APPICON_NAME = AppIcon;
				ASSETCATALOG_COMPILER_GLOBAL_ACCENT_COLOR_NAME = AccentColor;
				CODE_SIGN_STYLE = Automatic;
				CURRENT_PROJECT_VERSION = 1;
				DEVELOPMENT_ASSET_PATHS = "\"Hurricane/Preview Content\"";
				DEVELOPMENT_TEAM = 55H4ABU399;
				ENABLE_PREVIEWS = YES;
				GENERATE_INFOPLIST_FILE = YES;
				INFOPLIST_FILE = Hurricane/Info.plist;
				INFOPLIST_KEY_UIApplicationSceneManifest_Generation = YES;
				INFOPLIST_KEY_UIApplicationSupportsIndirectInputEvents = YES;
				INFOPLIST_KEY_UILaunchScreen_Generation = YES;
				INFOPLIST_KEY_UISupportedInterfaceOrientations = UIInterfaceOrientationPortrait;
				INFOPLIST_KEY_UISupportedInterfaceOrientations_iPad = "UIInterfaceOrientationPortrait UIInterfaceOrientationPortraitUpsideDown UIInterfaceOrientationLandscapeLeft UIInterfaceOrientationLandscapeRight";
				INFOPLIST_KEY_UISupportedInterfaceOrientations_iPhone = "UIInterfaceOrientationPortrait UIInterfaceOrientationLandscapeLeft UIInterfaceOrientationLandscapeRight";
				LD_RUNPATH_SEARCH_PATHS = (
					"$(inherited)",
					"@executable_path/Frameworks",
				);
				MARKETING_VERSION = 1.0;
				PRODUCT_BUNDLE_IDENTIFIER = trustIT.Hurricane;
				PRODUCT_NAME = "$(TARGET_NAME)";
				SWIFT_EMIT_LOC_STRINGS = YES;
				SWIFT_VERSION = 5.0;
				TARGETED_DEVICE_FAMILY = 1;
			};
			name = Release;
		};
/* End XCBuildConfiguration section */

/* Begin XCConfigurationList section */
		415D202628214180004AF201 /* Build configuration list for PBXProject "Hurricane" */ = {
			isa = XCConfigurationList;
			buildConfigurations = (
				415D203728214182004AF201 /* Debug */,
				415D203828214182004AF201 /* Release */,
			);
			defaultConfigurationIsVisible = 0;
			defaultConfigurationName = Release;
		};
		415D203928214182004AF201 /* Build configuration list for PBXNativeTarget "Hurricane" */ = {
			isa = XCConfigurationList;
			buildConfigurations = (
				415D203A28214182004AF201 /* Debug */,
				415D203B28214182004AF201 /* Release */,
			);
			defaultConfigurationIsVisible = 0;
			defaultConfigurationName = Release;
		};
/* End XCConfigurationList section */

/* Begin XCVersionGroup section */
		415D203C28214215004AF201 /* CarModel.xcdatamodeld */ = {
			isa = XCVersionGroup;
			children = (
				415D203D28214216004AF201 /* CarModel.xcdatamodel */,
			);
			currentVersion = 415D203D28214216004AF201 /* CarModel.xcdatamodel */;
			path = CarModel.xcdatamodeld;
			sourceTree = "<group>";
			versionGroupType = wrapper.xcdatamodel;
		};
/* End XCVersionGroup section */
	};
	rootObject = 415D202328214180004AF201 /* Project object */;
}
